
Microsoft Visual Studio Solution File, Format Version 12.00
# Visual Studio Version 16
VisualStudioVersion = 16.0.30517.126
MinimumVisualStudioVersion = 10.0.40219.1
Project("{FAE04EC0-301F-11D3-BF4B-00C04F79EFBC}") = "EdiFabric.Examples.EDIFACT.Common", "EdiFabric.Examples.EDIFACT.Common\EdiFabric.Examples.EDIFACT.Common.csproj", "{9F794065-1E15-4341-A1C9-4E1FFD856C28}"
EndProject
Project("{FAE04EC0-301F-11D3-BF4B-00C04F79EFBC}") = "EdiFabric.Examples.EDIFACT.INVOIC", "EdiFabric.Examples.EDIFACT.INVOIC\EdiFabric.Examples.EDIFACT.INVOIC.csproj", "{D0A2FAC4-8067-479B-B67A-66055907593B}"
EndProject
Project("{FAE04EC0-301F-11D3-BF4B-00C04F79EFBC}") = "EdiFabric.Examples.EDIFACT.BAPLIE", "EdiFabric.Examples.EDIFACT.BAPLIE\EdiFabric.Examples.EDIFACT.BAPLIE.csproj", "{AE5DB45E-C17C-4A9D-AC96-5A771848ED72}"
EndProject
Project("{FAE04EC0-301F-11D3-BF4B-00C04F79EFBC}") = "EdiFabric.Examples.EDIFACT.CUSCAR", "EdiFabric.Examples.EDIFACT.CUSCAR\EdiFabric.Examples.EDIFACT.CUSCAR.csproj", "{DCA3C23A-BC0D-45F6-BA2C-0E96B0822F93}"
EndProject
Project("{FAE04EC0-301F-11D3-BF4B-00C04F79EFBC}") = "EdiFabric.Examples.EDIFACT.DESADV", "EdiFabric.Examples.EDIFACT.DESADV\EdiFabric.Examples.EDIFACT.DESADV.csproj", "{B8056AC8-286B-4D54-A3D1-FE21BAA71F3C}"
EndProject
Project("{FAE04EC0-301F-11D3-BF4B-00C04F79EFBC}") = "EdiFabric.Examples.EDIFACT.IFTMIN", "EdiFabric.Examples.EDIFACT.IFTMIN\EdiFabric.Examples.EDIFACT.IFTMIN.csproj", "{58FC743B-CD0B-4E97-ABB9-3DB5B0C4F092}"
EndProject
Project("{FAE04EC0-301F-11D3-BF4B-00C04F79EFBC}") = "EdiFabric.Examples.EDIFACT.IFTSTA", "EdiFabric.Examples.EDIFACT.IFTSTA\EdiFabric.Examples.EDIFACT.IFTSTA.csproj", "{35F656D1-2C69-402E-BFE4-1AA9CCA4CC00}"
EndProject
Project("{FAE04EC0-301F-11D3-BF4B-00C04F79EFBC}") = "EdiFabric.Examples.EDIFACT.ORDERS", "EdiFabric.Examples.EDIFACT.ORDERS\EdiFabric.Examples.EDIFACT.ORDERS.csproj", "{4368CC87-D356-4C0D-9AC7-885B1CFC17F6}"
EndProject
Project("{FAE04EC0-301F-11D3-BF4B-00C04F79EFBC}") = "EdiFabric.Examples.EDIFACT.ORDRSP", "EdiFabric.Examples.EDIFACT.ORDRSP\EdiFabric.Examples.EDIFACT.ORDRSP.csproj", "{C1ED428F-8BE4-47E7-9056-56CADC8D7A1F}"
EndProject
Project("{FAE04EC0-301F-11D3-BF4B-00C04F79EFBC}") = "EdiFabric.Examples.EDIFACT.PAXLST", "EdiFabric.Examples.EDIFACT.PAXLST\EdiFabric.Examples.EDIFACT.PAXLST.csproj", "{59DFCEB2-D65D-4225-9E06-2A0BE43536AB}"
EndProject
Project("{FAE04EC0-301F-11D3-BF4B-00C04F79EFBC}") = "EdiFabric.Examples.EDIFACT.PNRGOV", "EdiFabric.Examples.EDIFACT.PNRGOV\EdiFabric.Examples.EDIFACT.PNRGOV.csproj", "{85CC112E-764E-40CC-8798-5F0E8CD01953}"
EndProject
Project("{FAE04EC0-301F-11D3-BF4B-00C04F79EFBC}") = "EdiFabric.Examples.EDIFACT.PRICAT", "EdiFabric.Examples.EDIFACT.PRICAT\EdiFabric.Examples.EDIFACT.PRICAT.csproj", "{8D81AD85-78E6-4DB7-9E93-30A8F9D842E2}"
EndProject
Project("{FAE04EC0-301F-11D3-BF4B-00C04F79EFBC}") = "EdiFabric.Examples.EDIFACT.AcknowledgeEDI", "EdiFabric.Examples.EDIFACT.AcknowledgeEDI\EdiFabric.Examples.EDIFACT.AcknowledgeEDI.csproj", "{6F2E30DF-6FFD-4166-8DD9-8E3F0F9BF7B8}"
EndProject
Project("{FAE04EC0-301F-11D3-BF4B-00C04F79EFBC}") = "EdiFabric.Examples.EDIFACT.CSV", "EdiFabric.Examples.EDIFACT.CSV\EdiFabric.Examples.EDIFACT.CSV.csproj", "{E0AE5834-29F6-4336-B1D7-984B56BA0288}"
EndProject
Project("{FAE04EC0-301F-11D3-BF4B-00C04F79EFBC}") = "EdiFabric.Examples.EDIFACT.DB", "EdiFabric.Examples.EDIFACT.DB\EdiFabric.Examples.EDIFACT.DB.csproj", "{C997423D-1143-4950-BBDE-60430118852B}"
EndProject
Project("{FAE04EC0-301F-11D3-BF4B-00C04F79EFBC}") = "EdiFabric.Examples.EDIFACT.JSON", "EdiFabric.Examples.EDIFACT.JSON\EdiFabric.Examples.EDIFACT.JSON.csproj", "{E2A16905-7D63-4B6C-9A38-EB17B78CEA7C}"
EndProject
Project("{FAE04EC0-301F-11D3-BF4B-00C04F79EFBC}") = "EdiFabric.Examples.EDIFACT.MapEDI", "EdiFabric.Examples.EDIFACT.MapEDI\EdiFabric.Examples.EDIFACT.MapEDI.csproj", "{ECC5AA65-1B49-4288-A54C-F43662FA8356}"
EndProject
Project("{FAE04EC0-301F-11D3-BF4B-00C04F79EFBC}") = "EdiFabric.Examples.EDIFACT.ReadEDI", "EdiFabric.Examples.EDIFACT.ReadEDI\EdiFabric.Examples.EDIFACT.ReadEDI.csproj", "{88990A3D-A9FB-49EE-A05A-609EA4BBA6A8}"
EndProject
Project("{FAE04EC0-301F-11D3-BF4B-00C04F79EFBC}") = "EdiFabric.Examples.EDIFACT.WriteEDI", "EdiFabric.Examples.EDIFACT.WriteEDI\EdiFabric.Examples.EDIFACT.WriteEDI.csproj", "{7212E816-784A-4DE8-B605-9196991153A7}"
EndProject
Project("{FAE04EC0-301F-11D3-BF4B-00C04F79EFBC}") = "EdiFabric.Examples.EDIFACT.ValidateEDI", "EdiFabric.Examples.EDIFACT.ValidateEDI\EdiFabric.Examples.EDIFACT.ValidateEDI.csproj", "{0BBCC313-888D-4F2E-8246-A1A1E99B86CD}"
EndProject
Project("{FAE04EC0-301F-11D3-BF4B-00C04F79EFBC}") = "EdiFabric.Examples.EDIFACT.XML", "EdiFabric.Examples.EDIFACT.XML\EdiFabric.Examples.EDIFACT.XML.csproj", "{172C302D-3612-4385-985A-B088F855589B}"
EndProject
Project("{2150E333-8FDC-42A3-9474-1A3956D46DE8}") = "_Getting started", "_Getting started", "{F4906D77-3A0C-4AB5-B1BC-E07BBFE7A22E}"
	ProjectSection(SolutionItems) = preProject
		README.txt = README.txt
	EndProjectSection
EndProject
Project("{2150E333-8FDC-42A3-9474-1A3956D46DE8}") = "Examples by message type", "Examples by message type", "{5E74E2F9-3214-4CD2-AD44-C9DFF7E02B19}"
EndProject
Project("{2150E333-8FDC-42A3-9474-1A3956D46DE8}") = "Examples by feature", "Examples by feature", "{52190148-7C31-42C5-9435-87B2A38E371B}"
EndProject
Project("{2150E333-8FDC-42A3-9474-1A3956D46DE8}") = "Sample files", "Sample files", "{FA770BD5-992C-4EB2-9975-8D949F0E0A86}"
EndProject
Project("{2150E333-8FDC-42A3-9474-1A3956D46DE8}") = "EDIFACT", "EDIFACT", "{297B744C-1309-4527-AF62-54E396B4819D}"
	ProjectSection(SolutionItems) = preProject
		Files\EDIFACT\Bayplan.txt = Files\EDIFACT\Bayplan.txt
		Files\EDIFACT\CargoReport.txt = Files\EDIFACT\CargoReport.txt
		Files\EDIFACT\CorruptUnb.txt = Files\EDIFACT\CorruptUnb.txt
		Files\EDIFACT\CorruptUnh.txt = Files\EDIFACT\CorruptUnh.txt
		Files\EDIFACT\DuplicateGroup.txt = Files\EDIFACT\DuplicateGroup.txt
		Files\EDIFACT\DuplicateInterchange.txt = Files\EDIFACT\DuplicateInterchange.txt
		Files\EDIFACT\DuplicateMessage.txt = Files\EDIFACT\DuplicateMessage.txt
		Files\EDIFACT\Invoice.txt = Files\EDIFACT\Invoice.txt
		Files\EDIFACT\MixedTransactions.txt = Files\EDIFACT\MixedTransactions.txt
		Files\EDIFACT\MixedTransactionsNoEnvelopes.txt = Files\EDIFACT\MixedTransactionsNoEnvelopes.txt
		Files\EDIFACT\PassengerData.txt = Files\EDIFACT\PassengerData.txt
		Files\EDIFACT\PassengerList.txt = Files\EDIFACT\PassengerList.txt
		Files\EDIFACT\PurchaseOrder.csv = Files\EDIFACT\PurchaseOrder.csv
		Files\EDIFACT\PurchaseOrder.txt = Files\EDIFACT\PurchaseOrder.txt
		Files\EDIFACT\PurchaseOrder.xml = Files\EDIFACT\PurchaseOrder.xml
		Files\EDIFACT\PurchaseOrder2.xml = Files\EDIFACT\PurchaseOrder2.xml
		Files\EDIFACT\PurchaseOrderCSV.txt = Files\EDIFACT\PurchaseOrderCSV.txt
		Files\EDIFACT\PurchaseOrderCustom1.txt = Files\EDIFACT\PurchaseOrderCustom1.txt
		Files\EDIFACT\PurchaseOrderCustom2.txt = Files\EDIFACT\PurchaseOrderCustom2.txt
		Files\EDIFACT\PurchaseOrderInvalid.txt = Files\EDIFACT\PurchaseOrderInvalid.txt
		Files\EDIFACT\PurchaseOrderModified.txt = Files\EDIFACT\PurchaseOrderModified.txt
		Files\EDIFACT\PurchaseOrderMs.json = Files\EDIFACT\PurchaseOrderMs.json
		Files\EDIFACT\PurchaseOrderMultiLine.txt = Files\EDIFACT\PurchaseOrderMultiLine.txt
		Files\EDIFACT\PurchaseOrderNs.json = Files\EDIFACT\PurchaseOrderNs.json
		Files\EDIFACT\PurchaseOrders.txt = Files\EDIFACT\PurchaseOrders.txt
	EndProjectSection
EndProject
Project("{2150E333-8FDC-42A3-9474-1A3956D46DE8}") = "EANCOM", "EANCOM", "{F7245A00-B11D-4C4D-9CB0-EC2B572C67EB}"
	ProjectSection(SolutionItems) = preProject
		Files\EANCOM\DespatchAdvice.txt = Files\EANCOM\DespatchAdvice.txt
		Files\EANCOM\Instruction.txt = Files\EANCOM\Instruction.txt
		Files\EANCOM\Invoice.txt = Files\EANCOM\Invoice.txt
		Files\EANCOM\PriceCatalogue.txt = Files\EANCOM\PriceCatalogue.txt
		Files\EANCOM\PurchaseOrderResponse.txt = Files\EANCOM\PurchaseOrderResponse.txt
		Files\EANCOM\TransportStatus.txt = Files\EANCOM\TransportStatus.txt
	EndProjectSection
EndProject
Project("{FAE04EC0-301F-11D3-BF4B-00C04F79EFBC}") = "EdiFabric.Examples.EANCOM.INVOIC.Syntax3", "EdiFabric.Examples.EDIFACT.EANCOM.Syntax3\EdiFabric.Examples.EANCOM.INVOIC.Syntax3.csproj", "{FE2F9AB3-D00A-4F60-A77C-C679D3BDD3AB}"
EndProject
Project("{FAE04EC0-301F-11D3-BF4B-00C04F79EFBC}") = "EdiFabric.Examples.EDIFACT.Demo", "EdiFabric.Examples.EDIFACT.Demo\EdiFabric.Examples.EDIFACT.Demo.csproj", "{3C13E1B1-4DF4-4207-B424-1959C792B55B}"
EndProject
Project("{2150E333-8FDC-42A3-9474-1A3956D46DE8}") = "Example EDI templates", "Example EDI templates", "{3B29D67F-1B57-4C02-B1E4-69D6E4D42BED}"
EndProject
Project("{FAE04EC0-301F-11D3-BF4B-00C04F79EFBC}") = "EdiFabric.Examples.EDIFACT.Templates", "EdiFabric.Examples.EDIFACT.Templates\EdiFabric.Examples.EDIFACT.Templates.csproj", "{62232C00-802E-4095-AB55-3F639D6913C3}"
EndProject
Project("{FAE04EC0-301F-11D3-BF4B-00C04F79EFBC}") = "EdiFabric.Examples.EDIFACT.ModifyTemplates", "EdiFabric.Examples.EDIFACT.ModifyTemplates\EdiFabric.Examples.EDIFACT.ModifyTemplates.csproj", "{D9AD1194-D21C-435D-8F43-C1C111ECDF91}"
EndProject
Global
	GlobalSection(SolutionConfigurationPlatforms) = preSolution
		Debug|Any CPU = Debug|Any CPU
		Release|Any CPU = Release|Any CPU
	EndGlobalSection
	GlobalSection(ProjectConfigurationPlatforms) = postSolution
		{9F794065-1E15-4341-A1C9-4E1FFD856C28}.Debug|Any CPU.ActiveCfg = Debug|Any CPU
		{9F794065-1E15-4341-A1C9-4E1FFD856C28}.Debug|Any CPU.Build.0 = Debug|Any CPU
		{9F794065-1E15-4341-A1C9-4E1FFD856C28}.Release|Any CPU.ActiveCfg = Release|Any CPU
		{9F794065-1E15-4341-A1C9-4E1FFD856C28}.Release|Any CPU.Build.0 = Release|Any CPU
		{D0A2FAC4-8067-479B-B67A-66055907593B}.Debug|Any CPU.ActiveCfg = Debug|Any CPU
		{D0A2FAC4-8067-479B-B67A-66055907593B}.Debug|Any CPU.Build.0 = Debug|Any CPU
		{D0A2FAC4-8067-479B-B67A-66055907593B}.Release|Any CPU.ActiveCfg = Release|Any CPU
		{D0A2FAC4-8067-479B-B67A-66055907593B}.Release|Any CPU.Build.0 = Release|Any CPU
		{AE5DB45E-C17C-4A9D-AC96-5A771848ED72}.Debug|Any CPU.ActiveCfg = Debug|Any CPU
		{AE5DB45E-C17C-4A9D-AC96-5A771848ED72}.Debug|Any CPU.Build.0 = Debug|Any CPU
		{AE5DB45E-C17C-4A9D-AC96-5A771848ED72}.Release|Any CPU.ActiveCfg = Release|Any CPU
		{AE5DB45E-C17C-4A9D-AC96-5A771848ED72}.Release|Any CPU.Build.0 = Release|Any CPU
		{DCA3C23A-BC0D-45F6-BA2C-0E96B0822F93}.Debug|Any CPU.ActiveCfg = Debug|Any CPU
		{DCA3C23A-BC0D-45F6-BA2C-0E96B0822F93}.Debug|Any CPU.Build.0 = Debug|Any CPU
		{DCA3C23A-BC0D-45F6-BA2C-0E96B0822F93}.Release|Any CPU.ActiveCfg = Release|Any CPU
		{DCA3C23A-BC0D-45F6-BA2C-0E96B0822F93}.Release|Any CPU.Build.0 = Release|Any CPU
		{B8056AC8-286B-4D54-A3D1-FE21BAA71F3C}.Debug|Any CPU.ActiveCfg = Debug|Any CPU
		{B8056AC8-286B-4D54-A3D1-FE21BAA71F3C}.Debug|Any CPU.Build.0 = Debug|Any CPU
		{B8056AC8-286B-4D54-A3D1-FE21BAA71F3C}.Release|Any CPU.ActiveCfg = Release|Any CPU
		{B8056AC8-286B-4D54-A3D1-FE21BAA71F3C}.Release|Any CPU.Build.0 = Release|Any CPU
		{58FC743B-CD0B-4E97-ABB9-3DB5B0C4F092}.Debug|Any CPU.ActiveCfg = Debug|Any CPU
		{58FC743B-CD0B-4E97-ABB9-3DB5B0C4F092}.Debug|Any CPU.Build.0 = Debug|Any CPU
		{58FC743B-CD0B-4E97-ABB9-3DB5B0C4F092}.Release|Any CPU.ActiveCfg = Release|Any CPU
		{58FC743B-CD0B-4E97-ABB9-3DB5B0C4F092}.Release|Any CPU.Build.0 = Release|Any CPU
		{35F656D1-2C69-402E-BFE4-1AA9CCA4CC00}.Debug|Any CPU.ActiveCfg = Debug|Any CPU
		{35F656D1-2C69-402E-BFE4-1AA9CCA4CC00}.Debug|Any CPU.Build.0 = Debug|Any CPU
		{35F656D1-2C69-402E-BFE4-1AA9CCA4CC00}.Release|Any CPU.ActiveCfg = Release|Any CPU
		{35F656D1-2C69-402E-BFE4-1AA9CCA4CC00}.Release|Any CPU.Build.0 = Release|Any CPU
		{4368CC87-D356-4C0D-9AC7-885B1CFC17F6}.Debug|Any CPU.ActiveCfg = Debug|Any CPU
		{4368CC87-D356-4C0D-9AC7-885B1CFC17F6}.Debug|Any CPU.Build.0 = Debug|Any CPU
		{4368CC87-D356-4C0D-9AC7-885B1CFC17F6}.Release|Any CPU.ActiveCfg = Release|Any CPU
		{4368CC87-D356-4C0D-9AC7-885B1CFC17F6}.Release|Any CPU.Build.0 = Release|Any CPU
		{C1ED428F-8BE4-47E7-9056-56CADC8D7A1F}.Debug|Any CPU.ActiveCfg = Debug|Any CPU
		{C1ED428F-8BE4-47E7-9056-56CADC8D7A1F}.Debug|Any CPU.Build.0 = Debug|Any CPU
		{C1ED428F-8BE4-47E7-9056-56CADC8D7A1F}.Release|Any CPU.ActiveCfg = Release|Any CPU
		{C1ED428F-8BE4-47E7-9056-56CADC8D7A1F}.Release|Any CPU.Build.0 = Release|Any CPU
		{59DFCEB2-D65D-4225-9E06-2A0BE43536AB}.Debug|Any CPU.ActiveCfg = Debug|Any CPU
		{59DFCEB2-D65D-4225-9E06-2A0BE43536AB}.Debug|Any CPU.Build.0 = Debug|Any CPU
		{59DFCEB2-D65D-4225-9E06-2A0BE43536AB}.Release|Any CPU.ActiveCfg = Release|Any CPU
		{59DFCEB2-D65D-4225-9E06-2A0BE43536AB}.Release|Any CPU.Build.0 = Release|Any CPU
		{85CC112E-764E-40CC-8798-5F0E8CD01953}.Debug|Any CPU.ActiveCfg = Debug|Any CPU
		{85CC112E-764E-40CC-8798-5F0E8CD01953}.Debug|Any CPU.Build.0 = Debug|Any CPU
		{85CC112E-764E-40CC-8798-5F0E8CD01953}.Release|Any CPU.ActiveCfg = Release|Any CPU
		{85CC112E-764E-40CC-8798-5F0E8CD01953}.Release|Any CPU.Build.0 = Release|Any CPU
		{8D81AD85-78E6-4DB7-9E93-30A8F9D842E2}.Debug|Any CPU.ActiveCfg = Debug|Any CPU
		{8D81AD85-78E6-4DB7-9E93-30A8F9D842E2}.Debug|Any CPU.Build.0 = Debug|Any CPU
		{8D81AD85-78E6-4DB7-9E93-30A8F9D842E2}.Release|Any CPU.ActiveCfg = Release|Any CPU
		{8D81AD85-78E6-4DB7-9E93-30A8F9D842E2}.Release|Any CPU.Build.0 = Release|Any CPU
		{6F2E30DF-6FFD-4166-8DD9-8E3F0F9BF7B8}.Debug|Any CPU.ActiveCfg = Debug|Any CPU
		{6F2E30DF-6FFD-4166-8DD9-8E3F0F9BF7B8}.Debug|Any CPU.Build.0 = Debug|Any CPU
		{6F2E30DF-6FFD-4166-8DD9-8E3F0F9BF7B8}.Release|Any CPU.ActiveCfg = Release|Any CPU
		{6F2E30DF-6FFD-4166-8DD9-8E3F0F9BF7B8}.Release|Any CPU.Build.0 = Release|Any CPU
		{E0AE5834-29F6-4336-B1D7-984B56BA0288}.Debug|Any CPU.ActiveCfg = Debug|Any CPU
		{E0AE5834-29F6-4336-B1D7-984B56BA0288}.Debug|Any CPU.Build.0 = Debug|Any CPU
		{E0AE5834-29F6-4336-B1D7-984B56BA0288}.Release|Any CPU.ActiveCfg = Release|Any CPU
		{E0AE5834-29F6-4336-B1D7-984B56BA0288}.Release|Any CPU.Build.0 = Release|Any CPU
		{C997423D-1143-4950-BBDE-60430118852B}.Debug|Any CPU.ActiveCfg = Debug|Any CPU
		{C997423D-1143-4950-BBDE-60430118852B}.Debug|Any CPU.Build.0 = Debug|Any CPU
		{C997423D-1143-4950-BBDE-60430118852B}.Release|Any CPU.ActiveCfg = Release|Any CPU
		{C997423D-1143-4950-BBDE-60430118852B}.Release|Any CPU.Build.0 = Release|Any CPU
		{E2A16905-7D63-4B6C-9A38-EB17B78CEA7C}.Debug|Any CPU.ActiveCfg = Debug|Any CPU
		{E2A16905-7D63-4B6C-9A38-EB17B78CEA7C}.Debug|Any CPU.Build.0 = Debug|Any CPU
		{E2A16905-7D63-4B6C-9A38-EB17B78CEA7C}.Release|Any CPU.ActiveCfg = Release|Any CPU
		{E2A16905-7D63-4B6C-9A38-EB17B78CEA7C}.Release|Any CPU.Build.0 = Release|Any CPU
		{ECC5AA65-1B49-4288-A54C-F43662FA8356}.Debug|Any CPU.ActiveCfg = Debug|Any CPU
		{ECC5AA65-1B49-4288-A54C-F43662FA8356}.Debug|Any CPU.Build.0 = Debug|Any CPU
		{ECC5AA65-1B49-4288-A54C-F43662FA8356}.Release|Any CPU.ActiveCfg = Release|Any CPU
		{ECC5AA65-1B49-4288-A54C-F43662FA8356}.Release|Any CPU.Build.0 = Release|Any CPU
		{88990A3D-A9FB-49EE-A05A-609EA4BBA6A8}.Debug|Any CPU.ActiveCfg = Debug|Any CPU
		{88990A3D-A9FB-49EE-A05A-609EA4BBA6A8}.Debug|Any CPU.Build.0 = Debug|Any CPU
		{88990A3D-A9FB-49EE-A05A-609EA4BBA6A8}.Release|Any CPU.ActiveCfg = Release|Any CPU
		{88990A3D-A9FB-49EE-A05A-609EA4BBA6A8}.Release|Any CPU.Build.0 = Release|Any CPU
		{7212E816-784A-4DE8-B605-9196991153A7}.Debug|Any CPU.ActiveCfg = Debug|Any CPU
		{7212E816-784A-4DE8-B605-9196991153A7}.Debug|Any CPU.Build.0 = Debug|Any CPU
		{7212E816-784A-4DE8-B605-9196991153A7}.Release|Any CPU.ActiveCfg = Release|Any CPU
		{7212E816-784A-4DE8-B605-9196991153A7}.Release|Any CPU.Build.0 = Release|Any CPU
		{0BBCC313-888D-4F2E-8246-A1A1E99B86CD}.Debug|Any CPU.ActiveCfg = Debug|Any CPU
		{0BBCC313-888D-4F2E-8246-A1A1E99B86CD}.Debug|Any CPU.Build.0 = Debug|Any CPU
		{0BBCC313-888D-4F2E-8246-A1A1E99B86CD}.Release|Any CPU.ActiveCfg = Release|Any CPU
		{0BBCC313-888D-4F2E-8246-A1A1E99B86CD}.Release|Any CPU.Build.0 = Release|Any CPU
		{172C302D-3612-4385-985A-B088F855589B}.Debug|Any CPU.ActiveCfg = Debug|Any CPU
		{172C302D-3612-4385-985A-B088F855589B}.Debug|Any CPU.Build.0 = Debug|Any CPU
		{172C302D-3612-4385-985A-B088F855589B}.Release|Any CPU.ActiveCfg = Release|Any CPU
		{172C302D-3612-4385-985A-B088F855589B}.Release|Any CPU.Build.0 = Release|Any CPU
		{FE2F9AB3-D00A-4F60-A77C-C679D3BDD3AB}.Debug|Any CPU.ActiveCfg = Debug|Any CPU
		{FE2F9AB3-D00A-4F60-A77C-C679D3BDD3AB}.Debug|Any CPU.Build.0 = Debug|Any CPU
		{FE2F9AB3-D00A-4F60-A77C-C679D3BDD3AB}.Release|Any CPU.ActiveCfg = Release|Any CPU
		{FE2F9AB3-D00A-4F60-A77C-C679D3BDD3AB}.Release|Any CPU.Build.0 = Release|Any CPU
		{3C13E1B1-4DF4-4207-B424-1959C792B55B}.Debug|Any CPU.ActiveCfg = Debug|Any CPU
		{3C13E1B1-4DF4-4207-B424-1959C792B55B}.Debug|Any CPU.Build.0 = Debug|Any CPU
		{3C13E1B1-4DF4-4207-B424-1959C792B55B}.Release|Any CPU.ActiveCfg = Release|Any CPU
		{3C13E1B1-4DF4-4207-B424-1959C792B55B}.Release|Any CPU.Build.0 = Release|Any CPU
		{62232C00-802E-4095-AB55-3F639D6913C3}.Debug|Any CPU.ActiveCfg = Debug|Any CPU
		{62232C00-802E-4095-AB55-3F639D6913C3}.Debug|Any CPU.Build.0 = Debug|Any CPU
		{62232C00-802E-4095-AB55-3F639D6913C3}.Release|Any CPU.ActiveCfg = Release|Any CPU
		{62232C00-802E-4095-AB55-3F639D6913C3}.Release|Any CPU.Build.0 = Release|Any CPU
		{D9AD1194-D21C-435D-8F43-C1C111ECDF91}.Debug|Any CPU.ActiveCfg = Debug|Any CPU
		{D9AD1194-D21C-435D-8F43-C1C111ECDF91}.Debug|Any CPU.Build.0 = Debug|Any CPU
		{D9AD1194-D21C-435D-8F43-C1C111ECDF91}.Release|Any CPU.ActiveCfg = Release|Any CPU
		{D9AD1194-D21C-435D-8F43-C1C111ECDF91}.Release|Any CPU.Build.0 = Release|Any CPU
	EndGlobalSection
	GlobalSection(SolutionProperties) = preSolution
		HideSolutionNode = FALSE
	EndGlobalSection
	GlobalSection(NestedProjects) = preSolution
		{D0A2FAC4-8067-479B-B67A-66055907593B} = {5E74E2F9-3214-4CD2-AD44-C9DFF7E02B19}
		{AE5DB45E-C17C-4A9D-AC96-5A771848ED72} = {5E74E2F9-3214-4CD2-AD44-C9DFF7E02B19}
		{DCA3C23A-BC0D-45F6-BA2C-0E96B0822F93} = {5E74E2F9-3214-4CD2-AD44-C9DFF7E02B19}
		{B8056AC8-286B-4D54-A3D1-FE21BAA71F3C} = {5E74E2F9-3214-4CD2-AD44-C9DFF7E02B19}
		{58FC743B-CD0B-4E97-ABB9-3DB5B0C4F092} = {5E74E2F9-3214-4CD2-AD44-C9DFF7E02B19}
		{35F656D1-2C69-402E-BFE4-1AA9CCA4CC00} = {5E74E2F9-3214-4CD2-AD44-C9DFF7E02B19}
		{4368CC87-D356-4C0D-9AC7-885B1CFC17F6} = {5E74E2F9-3214-4CD2-AD44-C9DFF7E02B19}
		{C1ED428F-8BE4-47E7-9056-56CADC8D7A1F} = {5E74E2F9-3214-4CD2-AD44-C9DFF7E02B19}
		{59DFCEB2-D65D-4225-9E06-2A0BE43536AB} = {5E74E2F9-3214-4CD2-AD44-C9DFF7E02B19}
		{85CC112E-764E-40CC-8798-5F0E8CD01953} = {5E74E2F9-3214-4CD2-AD44-C9DFF7E02B19}
		{8D81AD85-78E6-4DB7-9E93-30A8F9D842E2} = {5E74E2F9-3214-4CD2-AD44-C9DFF7E02B19}
		{6F2E30DF-6FFD-4166-8DD9-8E3F0F9BF7B8} = {52190148-7C31-42C5-9435-87B2A38E371B}
		{E0AE5834-29F6-4336-B1D7-984B56BA0288} = {52190148-7C31-42C5-9435-87B2A38E371B}
		{C997423D-1143-4950-BBDE-60430118852B} = {52190148-7C31-42C5-9435-87B2A38E371B}
		{E2A16905-7D63-4B6C-9A38-EB17B78CEA7C} = {52190148-7C31-42C5-9435-87B2A38E371B}
		{ECC5AA65-1B49-4288-A54C-F43662FA8356} = {52190148-7C31-42C5-9435-87B2A38E371B}
		{88990A3D-A9FB-49EE-A05A-609EA4BBA6A8} = {52190148-7C31-42C5-9435-87B2A38E371B}
		{7212E816-784A-4DE8-B605-9196991153A7} = {52190148-7C31-42C5-9435-87B2A38E371B}
		{0BBCC313-888D-4F2E-8246-A1A1E99B86CD} = {52190148-7C31-42C5-9435-87B2A38E371B}
		{172C302D-3612-4385-985A-B088F855589B} = {52190148-7C31-42C5-9435-87B2A38E371B}
		{297B744C-1309-4527-AF62-54E396B4819D} = {FA770BD5-992C-4EB2-9975-8D949F0E0A86}
		{F7245A00-B11D-4C4D-9CB0-EC2B572C67EB} = {FA770BD5-992C-4EB2-9975-8D949F0E0A86}
		{FE2F9AB3-D00A-4F60-A77C-C679D3BDD3AB} = {5E74E2F9-3214-4CD2-AD44-C9DFF7E02B19}
		{62232C00-802E-4095-AB55-3F639D6913C3} = {3B29D67F-1B57-4C02-B1E4-69D6E4D42BED}
		{D9AD1194-D21C-435D-8F43-C1C111ECDF91} = {3B29D67F-1B57-4C02-B1E4-69D6E4D42BED}
	EndGlobalSection
	GlobalSection(ExtensibilityGlobals) = postSolution
		SolutionGuid = {3DE60C67-C122-4BA2-BAB8-6E359DDE8AC8}
	EndGlobalSection
EndGlobal
