
Microsoft Visual Studio Solution File, Format Version 12.00
# Visual Studio 2013
VisualStudioVersion = 12.0.31101.0
MinimumVisualStudioVersion = 10.0.40219.1
Project("{FAE04EC0-301F-11D3-BF4B-00C04F79EFBC}") = "Framework", "Framework\Framework.csproj", "{D39915C6-DA36-406F-828E-4C8C2E299324}"
EndProject
Project("{2150E333-8FDC-42A3-9474-1A3956D46DE8}") = "Solution Items", "Solution Items", "{9F13E47B-F989-4436-B1A0-03427571BF44}"
	ProjectSection(SolutionItems) = preProject
		Core\Core.nuspec = Core\Core.nuspec
		Framework\Framework.nuspec = Framework\Framework.nuspec
	EndProjectSection
EndProject
Project("{FAE04EC0-301F-11D3-BF4B-00C04F79EFBC}") = "Rules.EdifactD00A", "Rules.EdifactD00A\Rules.EdifactD00A.csproj", "{17947E82-982A-4828-8E8B-E36CE8E86636}"
EndProject
Project("{FAE04EC0-301F-11D3-BF4B-00C04F79EFBC}") = "Rules.X12002040", "Rules.X12002040\Rules.X12002040.csproj", "{1763D12E-5C4D-4270-BBAF-24FB4C289B25}"
EndProject
Project("{FAE04EC0-301F-11D3-BF4B-00C04F79EFBC}") = "Rules.X12002040.Rep", "Rules.X12002040.Rep\Rules.X12002040.Rep.csproj", "{8CCC6EC4-A522-463F-BB5D-1C7C07A87460}"
EndProject
Project("{FAE04EC0-301F-11D3-BF4B-00C04F79EFBC}") = "Rules.Hipaa004010", "Rules.Hipaa004010\Rules.Hipaa004010.csproj", "{4F7C7B1C-8580-461A-B143-306460DEE135}"
EndProject
Project("{FAE04EC0-301F-11D3-BF4B-00C04F79EFBC}") = "Rules.Hipaa005010", "Rules.Hipaa005010\Rules.Hipaa005010.csproj", "{466ADC2C-1B13-47D6-B31C-F4420489F604}"
EndProject
Project("{2150E333-8FDC-42A3-9474-1A3956D46DE8}") = "Rules", "Rules", "{BBCBB763-8BC4-403E-8D8D-427E4396F8DE}"
EndProject
Project("{FAE04EC0-301F-11D3-BF4B-00C04F79EFBC}") = "UnitTests.Edifact", "UnitTests.Edifact\UnitTests.Edifact.csproj", "{F6E80A66-ECA6-46CF-A338-374AB0622523}"
EndProject
Project("{FAE04EC0-301F-11D3-BF4B-00C04F79EFBC}") = "UnitTests.Hipaa", "UnitTests.Hipaa\UnitTests.Hipaa.csproj", "{82E0A3B3-A0EB-45FF-99CC-1D7A5BCAEDF3}"
EndProject
Project("{FAE04EC0-301F-11D3-BF4B-00C04F79EFBC}") = "UnitTests.X12", "UnitTests.X12\UnitTests.X12.csproj", "{1ED7BA28-72F8-42E4-B157-D7D9E8473416}"
EndProject
Project("{FAE04EC0-301F-11D3-BF4B-00C04F79EFBC}") = "UnitTests", "UnitTests\UnitTests.csproj", "{F66E2275-FAE0-4876-8F12-831A2A90C7A7}"
EndProject
Project("{2150E333-8FDC-42A3-9474-1A3956D46DE8}") = "Tests", "Tests", "{A6391E1B-988A-48B7-8146-E899C391C3DF}"
EndProject
Project("{FAE04EC0-301F-11D3-BF4B-00C04F79EFBC}") = "Core", "Core\Core.csproj", "{6CE3310F-1DC2-4074-8559-27C5ADB46FE7}"
EndProject
Project("{FAE04EC0-301F-11D3-BF4B-00C04F79EFBC}") = "Rules.EdifactD00A.Rep", "Rules.EdifactD00A.Rep\Rules.EdifactD00A.Rep.csproj", "{A1E921DC-B93B-41A7-81B4-4EA15193AE10}"
EndProject
Project("{FAE04EC0-301F-11D3-BF4B-00C04F79EFBC}") = "Rules.EdifactD00A.Eval", "Rules.EdifactD00A.Eval\Rules.EdifactD00A.Eval.csproj", "{C92F88A9-74B2-417A-B2D1-55AEE80E009C}"
EndProject
Project("{FAE04EC0-301F-11D3-BF4B-00C04F79EFBC}") = "Rules.EdifactD00A.NoValidation", "Rules.EdifactD00A.NoValidation\Rules.EdifactD00A.NoValidation.csproj", "{B23595A4-D9CE-420D-A1AC-BA2E7CE91E71}"
EndProject
Project("{FAE04EC0-301F-11D3-BF4B-00C04F79EFBC}") = "Rules.X12002040.Eval", "Rules.X12002040.Eval\Rules.X12002040.Eval.csproj", "{395DFE7D-2676-47B5-BCC9-878EE6F8CF12}"
EndProject
Project("{FAE04EC0-301F-11D3-BF4B-00C04F79EFBC}") = "Rules.X12002040.NoValidation", "Rules.X12002040.NoValidation\Rules.X12002040.NoValidation.csproj", "{1928FB85-D646-466A-8E6B-FF3C3A6CBCE5}"
EndProject
Project("{FAE04EC0-301F-11D3-BF4B-00C04F79EFBC}") = "Rules.EancomD01BEAN3", "Rules.EancomD01BEAN3\Rules.EancomD01BEAN3.csproj", "{344F2698-7A31-4DDB-9053-9F8BA8A53131}"
EndProject
Project("{FAE04EC0-301F-11D3-BF4B-00C04F79EFBC}") = "UnitTests.Eancom", "UnitTests.Eancom\UnitTests.Eancom.csproj", "{085CA191-2F38-4633-84E1-92BDD6B9C142}"
EndProject
Project("{FAE04EC0-301F-11D3-BF4B-00C04F79EFBC}") = "UnitTests.Vda", "UnitTests.Vda\UnitTests.Vda.csproj", "{ED920450-3F20-4B67-924A-9E3FAE6D95E9}"
EndProject
Project("{FAE04EC0-301F-11D3-BF4B-00C04F79EFBC}") = "Rules.Vda", "Rules.Vda\Rules.Vda.csproj", "{8DB14447-6C22-4BBB-9126-73AC17FA38C2}"
EndProject
Global
	GlobalSection(SolutionConfigurationPlatforms) = preSolution
		Debug|Any CPU = Debug|Any CPU
		Debug|Mixed Platforms = Debug|Mixed Platforms
		Debug|x86 = Debug|x86
		Release|Any CPU = Release|Any CPU
		Release|Mixed Platforms = Release|Mixed Platforms
		Release|x86 = Release|x86
	EndGlobalSection
	GlobalSection(ProjectConfigurationPlatforms) = postSolution
		{D39915C6-DA36-406F-828E-4C8C2E299324}.Debug|Any CPU.ActiveCfg = Debug|Any CPU
		{D39915C6-DA36-406F-828E-4C8C2E299324}.Debug|Any CPU.Build.0 = Debug|Any CPU
		{D39915C6-DA36-406F-828E-4C8C2E299324}.Debug|Mixed Platforms.ActiveCfg = Debug|Any CPU
		{D39915C6-DA36-406F-828E-4C8C2E299324}.Debug|Mixed Platforms.Build.0 = Debug|Any CPU
		{D39915C6-DA36-406F-828E-4C8C2E299324}.Debug|x86.ActiveCfg = Debug|Any CPU
		{D39915C6-DA36-406F-828E-4C8C2E299324}.Release|Any CPU.ActiveCfg = Release|Any CPU
		{D39915C6-DA36-406F-828E-4C8C2E299324}.Release|Any CPU.Build.0 = Release|Any CPU
		{D39915C6-DA36-406F-828E-4C8C2E299324}.Release|Mixed Platforms.ActiveCfg = Release|Any CPU
		{D39915C6-DA36-406F-828E-4C8C2E299324}.Release|Mixed Platforms.Build.0 = Release|Any CPU
		{D39915C6-DA36-406F-828E-4C8C2E299324}.Release|x86.ActiveCfg = Release|Any CPU
		{17947E82-982A-4828-8E8B-E36CE8E86636}.Debug|Any CPU.ActiveCfg = Debug|Any CPU
		{17947E82-982A-4828-8E8B-E36CE8E86636}.Debug|Any CPU.Build.0 = Debug|Any CPU
		{17947E82-982A-4828-8E8B-E36CE8E86636}.Debug|Mixed Platforms.ActiveCfg = Debug|Any CPU
		{17947E82-982A-4828-8E8B-E36CE8E86636}.Debug|Mixed Platforms.Build.0 = Debug|Any CPU
		{17947E82-982A-4828-8E8B-E36CE8E86636}.Debug|x86.ActiveCfg = Debug|Any CPU
		{17947E82-982A-4828-8E8B-E36CE8E86636}.Release|Any CPU.ActiveCfg = Release|Any CPU
		{17947E82-982A-4828-8E8B-E36CE8E86636}.Release|Any CPU.Build.0 = Release|Any CPU
		{17947E82-982A-4828-8E8B-E36CE8E86636}.Release|Mixed Platforms.ActiveCfg = Release|Any CPU
		{17947E82-982A-4828-8E8B-E36CE8E86636}.Release|Mixed Platforms.Build.0 = Release|Any CPU
		{17947E82-982A-4828-8E8B-E36CE8E86636}.Release|x86.ActiveCfg = Release|Any CPU
		{1763D12E-5C4D-4270-BBAF-24FB4C289B25}.Debug|Any CPU.ActiveCfg = Debug|Any CPU
		{1763D12E-5C4D-4270-BBAF-24FB4C289B25}.Debug|Any CPU.Build.0 = Debug|Any CPU
		{1763D12E-5C4D-4270-BBAF-24FB4C289B25}.Debug|Mixed Platforms.ActiveCfg = Debug|Any CPU
		{1763D12E-5C4D-4270-BBAF-24FB4C289B25}.Debug|Mixed Platforms.Build.0 = Debug|Any CPU
		{1763D12E-5C4D-4270-BBAF-24FB4C289B25}.Debug|x86.ActiveCfg = Debug|Any CPU
		{1763D12E-5C4D-4270-BBAF-24FB4C289B25}.Release|Any CPU.ActiveCfg = Release|Any CPU
		{1763D12E-5C4D-4270-BBAF-24FB4C289B25}.Release|Any CPU.Build.0 = Release|Any CPU
		{1763D12E-5C4D-4270-BBAF-24FB4C289B25}.Release|Mixed Platforms.ActiveCfg = Release|Any CPU
		{1763D12E-5C4D-4270-BBAF-24FB4C289B25}.Release|Mixed Platforms.Build.0 = Release|Any CPU
		{1763D12E-5C4D-4270-BBAF-24FB4C289B25}.Release|x86.ActiveCfg = Release|Any CPU
		{8CCC6EC4-A522-463F-BB5D-1C7C07A87460}.Debug|Any CPU.ActiveCfg = Debug|Any CPU
		{8CCC6EC4-A522-463F-BB5D-1C7C07A87460}.Debug|Any CPU.Build.0 = Debug|Any CPU
		{8CCC6EC4-A522-463F-BB5D-1C7C07A87460}.Debug|Mixed Platforms.ActiveCfg = Debug|Any CPU
		{8CCC6EC4-A522-463F-BB5D-1C7C07A87460}.Debug|Mixed Platforms.Build.0 = Debug|Any CPU
		{8CCC6EC4-A522-463F-BB5D-1C7C07A87460}.Debug|x86.ActiveCfg = Debug|Any CPU
		{8CCC6EC4-A522-463F-BB5D-1C7C07A87460}.Release|Any CPU.ActiveCfg = Release|Any CPU
		{8CCC6EC4-A522-463F-BB5D-1C7C07A87460}.Release|Any CPU.Build.0 = Release|Any CPU
		{8CCC6EC4-A522-463F-BB5D-1C7C07A87460}.Release|Mixed Platforms.ActiveCfg = Release|Any CPU
		{8CCC6EC4-A522-463F-BB5D-1C7C07A87460}.Release|Mixed Platforms.Build.0 = Release|Any CPU
		{8CCC6EC4-A522-463F-BB5D-1C7C07A87460}.Release|x86.ActiveCfg = Release|Any CPU
		{4F7C7B1C-8580-461A-B143-306460DEE135}.Debug|Any CPU.ActiveCfg = Debug|Any CPU
		{4F7C7B1C-8580-461A-B143-306460DEE135}.Debug|Any CPU.Build.0 = Debug|Any CPU
		{4F7C7B1C-8580-461A-B143-306460DEE135}.Debug|Mixed Platforms.ActiveCfg = Debug|Any CPU
		{4F7C7B1C-8580-461A-B143-306460DEE135}.Debug|Mixed Platforms.Build.0 = Debug|Any CPU
		{4F7C7B1C-8580-461A-B143-306460DEE135}.Debug|x86.ActiveCfg = Debug|Any CPU
		{4F7C7B1C-8580-461A-B143-306460DEE135}.Release|Any CPU.ActiveCfg = Release|Any CPU
		{4F7C7B1C-8580-461A-B143-306460DEE135}.Release|Any CPU.Build.0 = Release|Any CPU
		{4F7C7B1C-8580-461A-B143-306460DEE135}.Release|Mixed Platforms.ActiveCfg = Release|Any CPU
		{4F7C7B1C-8580-461A-B143-306460DEE135}.Release|Mixed Platforms.Build.0 = Release|Any CPU
		{4F7C7B1C-8580-461A-B143-306460DEE135}.Release|x86.ActiveCfg = Release|Any CPU
		{466ADC2C-1B13-47D6-B31C-F4420489F604}.Debug|Any CPU.ActiveCfg = Debug|Any CPU
		{466ADC2C-1B13-47D6-B31C-F4420489F604}.Debug|Any CPU.Build.0 = Debug|Any CPU
		{466ADC2C-1B13-47D6-B31C-F4420489F604}.Debug|Mixed Platforms.ActiveCfg = Debug|Any CPU
		{466ADC2C-1B13-47D6-B31C-F4420489F604}.Debug|Mixed Platforms.Build.0 = Debug|Any CPU
		{466ADC2C-1B13-47D6-B31C-F4420489F604}.Debug|x86.ActiveCfg = Debug|Any CPU
		{466ADC2C-1B13-47D6-B31C-F4420489F604}.Release|Any CPU.ActiveCfg = Release|Any CPU
		{466ADC2C-1B13-47D6-B31C-F4420489F604}.Release|Any CPU.Build.0 = Release|Any CPU
		{466ADC2C-1B13-47D6-B31C-F4420489F604}.Release|Mixed Platforms.ActiveCfg = Release|Any CPU
		{466ADC2C-1B13-47D6-B31C-F4420489F604}.Release|Mixed Platforms.Build.0 = Release|Any CPU
		{466ADC2C-1B13-47D6-B31C-F4420489F604}.Release|x86.ActiveCfg = Release|Any CPU
		{F6E80A66-ECA6-46CF-A338-374AB0622523}.Debug|Any CPU.ActiveCfg = Debug|Any CPU
		{F6E80A66-ECA6-46CF-A338-374AB0622523}.Debug|Any CPU.Build.0 = Debug|Any CPU
		{F6E80A66-ECA6-46CF-A338-374AB0622523}.Debug|Mixed Platforms.ActiveCfg = Debug|Any CPU
		{F6E80A66-ECA6-46CF-A338-374AB0622523}.Debug|Mixed Platforms.Build.0 = Debug|Any CPU
		{F6E80A66-ECA6-46CF-A338-374AB0622523}.Debug|x86.ActiveCfg = Debug|Any CPU
		{F6E80A66-ECA6-46CF-A338-374AB0622523}.Release|Any CPU.ActiveCfg = Release|Any CPU
		{F6E80A66-ECA6-46CF-A338-374AB0622523}.Release|Any CPU.Build.0 = Release|Any CPU
		{F6E80A66-ECA6-46CF-A338-374AB0622523}.Release|Mixed Platforms.ActiveCfg = Release|Any CPU
		{F6E80A66-ECA6-46CF-A338-374AB0622523}.Release|Mixed Platforms.Build.0 = Release|Any CPU
		{F6E80A66-ECA6-46CF-A338-374AB0622523}.Release|x86.ActiveCfg = Release|Any CPU
		{82E0A3B3-A0EB-45FF-99CC-1D7A5BCAEDF3}.Debug|Any CPU.ActiveCfg = Debug|Any CPU
		{82E0A3B3-A0EB-45FF-99CC-1D7A5BCAEDF3}.Debug|Any CPU.Build.0 = Debug|Any CPU
		{82E0A3B3-A0EB-45FF-99CC-1D7A5BCAEDF3}.Debug|Mixed Platforms.ActiveCfg = Debug|Any CPU
		{82E0A3B3-A0EB-45FF-99CC-1D7A5BCAEDF3}.Debug|Mixed Platforms.Build.0 = Debug|Any CPU
		{82E0A3B3-A0EB-45FF-99CC-1D7A5BCAEDF3}.Debug|x86.ActiveCfg = Debug|Any CPU
		{82E0A3B3-A0EB-45FF-99CC-1D7A5BCAEDF3}.Release|Any CPU.ActiveCfg = Release|Any CPU
		{82E0A3B3-A0EB-45FF-99CC-1D7A5BCAEDF3}.Release|Any CPU.Build.0 = Release|Any CPU
		{82E0A3B3-A0EB-45FF-99CC-1D7A5BCAEDF3}.Release|Mixed Platforms.ActiveCfg = Release|Any CPU
		{82E0A3B3-A0EB-45FF-99CC-1D7A5BCAEDF3}.Release|Mixed Platforms.Build.0 = Release|Any CPU
		{82E0A3B3-A0EB-45FF-99CC-1D7A5BCAEDF3}.Release|x86.ActiveCfg = Release|Any CPU
		{1ED7BA28-72F8-42E4-B157-D7D9E8473416}.Debug|Any CPU.ActiveCfg = Debug|Any CPU
		{1ED7BA28-72F8-42E4-B157-D7D9E8473416}.Debug|Any CPU.Build.0 = Debug|Any CPU
		{1ED7BA28-72F8-42E4-B157-D7D9E8473416}.Debug|Mixed Platforms.ActiveCfg = Debug|Any CPU
		{1ED7BA28-72F8-42E4-B157-D7D9E8473416}.Debug|Mixed Platforms.Build.0 = Debug|Any CPU
		{1ED7BA28-72F8-42E4-B157-D7D9E8473416}.Debug|x86.ActiveCfg = Debug|Any CPU
		{1ED7BA28-72F8-42E4-B157-D7D9E8473416}.Release|Any CPU.ActiveCfg = Release|Any CPU
		{1ED7BA28-72F8-42E4-B157-D7D9E8473416}.Release|Any CPU.Build.0 = Release|Any CPU
		{1ED7BA28-72F8-42E4-B157-D7D9E8473416}.Release|Mixed Platforms.ActiveCfg = Release|Any CPU
		{1ED7BA28-72F8-42E4-B157-D7D9E8473416}.Release|Mixed Platforms.Build.0 = Release|Any CPU
		{1ED7BA28-72F8-42E4-B157-D7D9E8473416}.Release|x86.ActiveCfg = Release|Any CPU
		{F66E2275-FAE0-4876-8F12-831A2A90C7A7}.Debug|Any CPU.ActiveCfg = Debug|Any CPU
		{F66E2275-FAE0-4876-8F12-831A2A90C7A7}.Debug|Any CPU.Build.0 = Debug|Any CPU
		{F66E2275-FAE0-4876-8F12-831A2A90C7A7}.Debug|Mixed Platforms.ActiveCfg = Debug|Any CPU
		{F66E2275-FAE0-4876-8F12-831A2A90C7A7}.Debug|Mixed Platforms.Build.0 = Debug|Any CPU
		{F66E2275-FAE0-4876-8F12-831A2A90C7A7}.Debug|x86.ActiveCfg = Debug|Any CPU
		{F66E2275-FAE0-4876-8F12-831A2A90C7A7}.Release|Any CPU.ActiveCfg = Release|Any CPU
		{F66E2275-FAE0-4876-8F12-831A2A90C7A7}.Release|Any CPU.Build.0 = Release|Any CPU
		{F66E2275-FAE0-4876-8F12-831A2A90C7A7}.Release|Mixed Platforms.ActiveCfg = Release|Any CPU
		{F66E2275-FAE0-4876-8F12-831A2A90C7A7}.Release|Mixed Platforms.Build.0 = Release|Any CPU
		{F66E2275-FAE0-4876-8F12-831A2A90C7A7}.Release|x86.ActiveCfg = Release|Any CPU
		{6CE3310F-1DC2-4074-8559-27C5ADB46FE7}.Debug|Any CPU.ActiveCfg = Debug|Any CPU
		{6CE3310F-1DC2-4074-8559-27C5ADB46FE7}.Debug|Any CPU.Build.0 = Debug|Any CPU
		{6CE3310F-1DC2-4074-8559-27C5ADB46FE7}.Debug|Mixed Platforms.ActiveCfg = Debug|Any CPU
		{6CE3310F-1DC2-4074-8559-27C5ADB46FE7}.Debug|Mixed Platforms.Build.0 = Debug|Any CPU
		{6CE3310F-1DC2-4074-8559-27C5ADB46FE7}.Debug|x86.ActiveCfg = Debug|Any CPU
		{6CE3310F-1DC2-4074-8559-27C5ADB46FE7}.Release|Any CPU.ActiveCfg = Release|Any CPU
		{6CE3310F-1DC2-4074-8559-27C5ADB46FE7}.Release|Any CPU.Build.0 = Release|Any CPU
		{6CE3310F-1DC2-4074-8559-27C5ADB46FE7}.Release|Mixed Platforms.ActiveCfg = Release|Any CPU
		{6CE3310F-1DC2-4074-8559-27C5ADB46FE7}.Release|Mixed Platforms.Build.0 = Release|Any CPU
		{6CE3310F-1DC2-4074-8559-27C5ADB46FE7}.Release|x86.ActiveCfg = Release|Any CPU
		{A1E921DC-B93B-41A7-81B4-4EA15193AE10}.Debug|Any CPU.ActiveCfg = Debug|Any CPU
		{A1E921DC-B93B-41A7-81B4-4EA15193AE10}.Debug|Any CPU.Build.0 = Debug|Any CPU
		{A1E921DC-B93B-41A7-81B4-4EA15193AE10}.Debug|Mixed Platforms.ActiveCfg = Debug|Any CPU
		{A1E921DC-B93B-41A7-81B4-4EA15193AE10}.Debug|Mixed Platforms.Build.0 = Debug|Any CPU
		{A1E921DC-B93B-41A7-81B4-4EA15193AE10}.Debug|x86.ActiveCfg = Debug|Any CPU
		{A1E921DC-B93B-41A7-81B4-4EA15193AE10}.Release|Any CPU.ActiveCfg = Release|Any CPU
		{A1E921DC-B93B-41A7-81B4-4EA15193AE10}.Release|Any CPU.Build.0 = Release|Any CPU
		{A1E921DC-B93B-41A7-81B4-4EA15193AE10}.Release|Mixed Platforms.ActiveCfg = Release|Any CPU
		{A1E921DC-B93B-41A7-81B4-4EA15193AE10}.Release|Mixed Platforms.Build.0 = Release|Any CPU
		{A1E921DC-B93B-41A7-81B4-4EA15193AE10}.Release|x86.ActiveCfg = Release|Any CPU
		{C92F88A9-74B2-417A-B2D1-55AEE80E009C}.Debug|Any CPU.ActiveCfg = Debug|Any CPU
		{C92F88A9-74B2-417A-B2D1-55AEE80E009C}.Debug|Any CPU.Build.0 = Debug|Any CPU
		{C92F88A9-74B2-417A-B2D1-55AEE80E009C}.Debug|Mixed Platforms.ActiveCfg = Debug|Any CPU
		{C92F88A9-74B2-417A-B2D1-55AEE80E009C}.Debug|Mixed Platforms.Build.0 = Debug|Any CPU
		{C92F88A9-74B2-417A-B2D1-55AEE80E009C}.Debug|x86.ActiveCfg = Debug|Any CPU
		{C92F88A9-74B2-417A-B2D1-55AEE80E009C}.Release|Any CPU.ActiveCfg = Release|Any CPU
		{C92F88A9-74B2-417A-B2D1-55AEE80E009C}.Release|Any CPU.Build.0 = Release|Any CPU
		{C92F88A9-74B2-417A-B2D1-55AEE80E009C}.Release|Mixed Platforms.ActiveCfg = Release|Any CPU
		{C92F88A9-74B2-417A-B2D1-55AEE80E009C}.Release|Mixed Platforms.Build.0 = Release|Any CPU
		{C92F88A9-74B2-417A-B2D1-55AEE80E009C}.Release|x86.ActiveCfg = Release|Any CPU
		{B23595A4-D9CE-420D-A1AC-BA2E7CE91E71}.Debug|Any CPU.ActiveCfg = Debug|Any CPU
		{B23595A4-D9CE-420D-A1AC-BA2E7CE91E71}.Debug|Any CPU.Build.0 = Debug|Any CPU
		{B23595A4-D9CE-420D-A1AC-BA2E7CE91E71}.Debug|Mixed Platforms.ActiveCfg = Debug|Any CPU
		{B23595A4-D9CE-420D-A1AC-BA2E7CE91E71}.Debug|Mixed Platforms.Build.0 = Debug|Any CPU
		{B23595A4-D9CE-420D-A1AC-BA2E7CE91E71}.Debug|x86.ActiveCfg = Debug|Any CPU
		{B23595A4-D9CE-420D-A1AC-BA2E7CE91E71}.Release|Any CPU.ActiveCfg = Release|Any CPU
		{B23595A4-D9CE-420D-A1AC-BA2E7CE91E71}.Release|Any CPU.Build.0 = Release|Any CPU
		{B23595A4-D9CE-420D-A1AC-BA2E7CE91E71}.Release|Mixed Platforms.ActiveCfg = Release|Any CPU
		{B23595A4-D9CE-420D-A1AC-BA2E7CE91E71}.Release|Mixed Platforms.Build.0 = Release|Any CPU
		{B23595A4-D9CE-420D-A1AC-BA2E7CE91E71}.Release|x86.ActiveCfg = Release|Any CPU
		{395DFE7D-2676-47B5-BCC9-878EE6F8CF12}.Debug|Any CPU.ActiveCfg = Debug|Any CPU
		{395DFE7D-2676-47B5-BCC9-878EE6F8CF12}.Debug|Any CPU.Build.0 = Debug|Any CPU
		{395DFE7D-2676-47B5-BCC9-878EE6F8CF12}.Debug|Mixed Platforms.ActiveCfg = Debug|Any CPU
		{395DFE7D-2676-47B5-BCC9-878EE6F8CF12}.Debug|Mixed Platforms.Build.0 = Debug|Any CPU
		{395DFE7D-2676-47B5-BCC9-878EE6F8CF12}.Debug|x86.ActiveCfg = Debug|Any CPU
		{395DFE7D-2676-47B5-BCC9-878EE6F8CF12}.Release|Any CPU.ActiveCfg = Release|Any CPU
		{395DFE7D-2676-47B5-BCC9-878EE6F8CF12}.Release|Any CPU.Build.0 = Release|Any CPU
		{395DFE7D-2676-47B5-BCC9-878EE6F8CF12}.Release|Mixed Platforms.ActiveCfg = Release|Any CPU
		{395DFE7D-2676-47B5-BCC9-878EE6F8CF12}.Release|Mixed Platforms.Build.0 = Release|Any CPU
		{395DFE7D-2676-47B5-BCC9-878EE6F8CF12}.Release|x86.ActiveCfg = Release|Any CPU
		{1928FB85-D646-466A-8E6B-FF3C3A6CBCE5}.Debug|Any CPU.ActiveCfg = Debug|Any CPU
		{1928FB85-D646-466A-8E6B-FF3C3A6CBCE5}.Debug|Any CPU.Build.0 = Debug|Any CPU
		{1928FB85-D646-466A-8E6B-FF3C3A6CBCE5}.Debug|Mixed Platforms.ActiveCfg = Debug|Any CPU
		{1928FB85-D646-466A-8E6B-FF3C3A6CBCE5}.Debug|Mixed Platforms.Build.0 = Debug|Any CPU
		{1928FB85-D646-466A-8E6B-FF3C3A6CBCE5}.Debug|x86.ActiveCfg = Debug|Any CPU
		{1928FB85-D646-466A-8E6B-FF3C3A6CBCE5}.Release|Any CPU.ActiveCfg = Release|Any CPU
		{1928FB85-D646-466A-8E6B-FF3C3A6CBCE5}.Release|Any CPU.Build.0 = Release|Any CPU
		{1928FB85-D646-466A-8E6B-FF3C3A6CBCE5}.Release|Mixed Platforms.ActiveCfg = Release|Any CPU
		{1928FB85-D646-466A-8E6B-FF3C3A6CBCE5}.Release|Mixed Platforms.Build.0 = Release|Any CPU
		{1928FB85-D646-466A-8E6B-FF3C3A6CBCE5}.Release|x86.ActiveCfg = Release|Any CPU
		{344F2698-7A31-4DDB-9053-9F8BA8A53131}.Debug|Any CPU.ActiveCfg = Debug|Any CPU
		{344F2698-7A31-4DDB-9053-9F8BA8A53131}.Debug|Any CPU.Build.0 = Debug|Any CPU
		{344F2698-7A31-4DDB-9053-9F8BA8A53131}.Debug|Mixed Platforms.ActiveCfg = Debug|Any CPU
		{344F2698-7A31-4DDB-9053-9F8BA8A53131}.Debug|Mixed Platforms.Build.0 = Debug|Any CPU
		{344F2698-7A31-4DDB-9053-9F8BA8A53131}.Debug|x86.ActiveCfg = Debug|Any CPU
		{344F2698-7A31-4DDB-9053-9F8BA8A53131}.Release|Any CPU.ActiveCfg = Release|Any CPU
		{344F2698-7A31-4DDB-9053-9F8BA8A53131}.Release|Any CPU.Build.0 = Release|Any CPU
		{344F2698-7A31-4DDB-9053-9F8BA8A53131}.Release|Mixed Platforms.ActiveCfg = Release|Any CPU
		{344F2698-7A31-4DDB-9053-9F8BA8A53131}.Release|Mixed Platforms.Build.0 = Release|Any CPU
		{344F2698-7A31-4DDB-9053-9F8BA8A53131}.Release|x86.ActiveCfg = Release|Any CPU
		{085CA191-2F38-4633-84E1-92BDD6B9C142}.Debug|Any CPU.ActiveCfg = Debug|Any CPU
		{085CA191-2F38-4633-84E1-92BDD6B9C142}.Debug|Any CPU.Build.0 = Debug|Any CPU
		{085CA191-2F38-4633-84E1-92BDD6B9C142}.Debug|Mixed Platforms.ActiveCfg = Debug|Any CPU
		{085CA191-2F38-4633-84E1-92BDD6B9C142}.Debug|Mixed Platforms.Build.0 = Debug|Any CPU
		{085CA191-2F38-4633-84E1-92BDD6B9C142}.Debug|x86.ActiveCfg = Debug|Any CPU
		{085CA191-2F38-4633-84E1-92BDD6B9C142}.Release|Any CPU.ActiveCfg = Release|Any CPU
		{085CA191-2F38-4633-84E1-92BDD6B9C142}.Release|Any CPU.Build.0 = Release|Any CPU
		{085CA191-2F38-4633-84E1-92BDD6B9C142}.Release|Mixed Platforms.ActiveCfg = Release|Any CPU
		{085CA191-2F38-4633-84E1-92BDD6B9C142}.Release|Mixed Platforms.Build.0 = Release|Any CPU
		{085CA191-2F38-4633-84E1-92BDD6B9C142}.Release|x86.ActiveCfg = Release|Any CPU
		{ED920450-3F20-4B67-924A-9E3FAE6D95E9}.Debug|Any CPU.ActiveCfg = Debug|Any CPU
		{ED920450-3F20-4B67-924A-9E3FAE6D95E9}.Debug|Any CPU.Build.0 = Debug|Any CPU
		{ED920450-3F20-4B67-924A-9E3FAE6D95E9}.Debug|Mixed Platforms.ActiveCfg = Debug|Any CPU
		{ED920450-3F20-4B67-924A-9E3FAE6D95E9}.Debug|Mixed Platforms.Build.0 = Debug|Any CPU
		{ED920450-3F20-4B67-924A-9E3FAE6D95E9}.Debug|x86.ActiveCfg = Debug|Any CPU
		{ED920450-3F20-4B67-924A-9E3FAE6D95E9}.Release|Any CPU.ActiveCfg = Release|Any CPU
		{ED920450-3F20-4B67-924A-9E3FAE6D95E9}.Release|Any CPU.Build.0 = Release|Any CPU
		{ED920450-3F20-4B67-924A-9E3FAE6D95E9}.Release|Mixed Platforms.ActiveCfg = Release|Any CPU
		{ED920450-3F20-4B67-924A-9E3FAE6D95E9}.Release|Mixed Platforms.Build.0 = Release|Any CPU
		{ED920450-3F20-4B67-924A-9E3FAE6D95E9}.Release|x86.ActiveCfg = Release|Any CPU
		{8DB14447-6C22-4BBB-9126-73AC17FA38C2}.Debug|Any CPU.ActiveCfg = Debug|Any CPU
		{8DB14447-6C22-4BBB-9126-73AC17FA38C2}.Debug|Any CPU.Build.0 = Debug|Any CPU
		{8DB14447-6C22-4BBB-9126-73AC17FA38C2}.Debug|Mixed Platforms.ActiveCfg = Debug|Any CPU
		{8DB14447-6C22-4BBB-9126-73AC17FA38C2}.Debug|Mixed Platforms.Build.0 = Debug|Any CPU
		{8DB14447-6C22-4BBB-9126-73AC17FA38C2}.Debug|x86.ActiveCfg = Debug|Any CPU
		{8DB14447-6C22-4BBB-9126-73AC17FA38C2}.Release|Any CPU.ActiveCfg = Release|Any CPU
		{8DB14447-6C22-4BBB-9126-73AC17FA38C2}.Release|Any CPU.Build.0 = Release|Any CPU
		{8DB14447-6C22-4BBB-9126-73AC17FA38C2}.Release|Mixed Platforms.ActiveCfg = Release|Any CPU
		{8DB14447-6C22-4BBB-9126-73AC17FA38C2}.Release|Mixed Platforms.Build.0 = Release|Any CPU
		{8DB14447-6C22-4BBB-9126-73AC17FA38C2}.Release|x86.ActiveCfg = Release|Any CPU
	EndGlobalSection
	GlobalSection(SolutionProperties) = preSolution
		HideSolutionNode = FALSE
	EndGlobalSection
	GlobalSection(NestedProjects) = preSolution
		{17947E82-982A-4828-8E8B-E36CE8E86636} = {BBCBB763-8BC4-403E-8D8D-427E4396F8DE}
		{1763D12E-5C4D-4270-BBAF-24FB4C289B25} = {BBCBB763-8BC4-403E-8D8D-427E4396F8DE}
		{8CCC6EC4-A522-463F-BB5D-1C7C07A87460} = {BBCBB763-8BC4-403E-8D8D-427E4396F8DE}
		{4F7C7B1C-8580-461A-B143-306460DEE135} = {BBCBB763-8BC4-403E-8D8D-427E4396F8DE}
		{466ADC2C-1B13-47D6-B31C-F4420489F604} = {BBCBB763-8BC4-403E-8D8D-427E4396F8DE}
		{F6E80A66-ECA6-46CF-A338-374AB0622523} = {A6391E1B-988A-48B7-8146-E899C391C3DF}
		{82E0A3B3-A0EB-45FF-99CC-1D7A5BCAEDF3} = {A6391E1B-988A-48B7-8146-E899C391C3DF}
		{1ED7BA28-72F8-42E4-B157-D7D9E8473416} = {A6391E1B-988A-48B7-8146-E899C391C3DF}
		{F66E2275-FAE0-4876-8F12-831A2A90C7A7} = {A6391E1B-988A-48B7-8146-E899C391C3DF}
		{A1E921DC-B93B-41A7-81B4-4EA15193AE10} = {BBCBB763-8BC4-403E-8D8D-427E4396F8DE}
		{C92F88A9-74B2-417A-B2D1-55AEE80E009C} = {BBCBB763-8BC4-403E-8D8D-427E4396F8DE}
		{B23595A4-D9CE-420D-A1AC-BA2E7CE91E71} = {BBCBB763-8BC4-403E-8D8D-427E4396F8DE}
		{395DFE7D-2676-47B5-BCC9-878EE6F8CF12} = {BBCBB763-8BC4-403E-8D8D-427E4396F8DE}
		{1928FB85-D646-466A-8E6B-FF3C3A6CBCE5} = {BBCBB763-8BC4-403E-8D8D-427E4396F8DE}
		{344F2698-7A31-4DDB-9053-9F8BA8A53131} = {BBCBB763-8BC4-403E-8D8D-427E4396F8DE}
		{085CA191-2F38-4633-84E1-92BDD6B9C142} = {A6391E1B-988A-48B7-8146-E899C391C3DF}
		{ED920450-3F20-4B67-924A-9E3FAE6D95E9} = {A6391E1B-988A-48B7-8146-E899C391C3DF}
		{8DB14447-6C22-4BBB-9126-73AC17FA38C2} = {BBCBB763-8BC4-403E-8D8D-427E4396F8DE}
	EndGlobalSection
	GlobalSection(TestCaseManagementSettings) = postSolution
		CategoryFile = EdiFabric.vsmdi
	EndGlobalSection
EndGlobal
