
Microsoft Visual Studio Solution File, Format Version 12.00
# Visual Studio 15
VisualStudioVersion = 15.0.28307.271
MinimumVisualStudioVersion = 10.0.40219.1
Project("{2150E333-8FDC-42A3-9474-1A3956D46DE8}") = "EDIFACT Sample Files", "EDIFACT Sample Files", "{93E4213A-6891-4E10-8EF1-CA0ACF1D4CB5}"
	ProjectSection(SolutionItems) = preProject
		Files\EDIFACT\Bayplan.txt = Files\EDIFACT\Bayplan.txt
		Files\EDIFACT\CargoReport.txt = Files\EDIFACT\CargoReport.txt
		Files\EDIFACT\CorruptUnb.txt = Files\EDIFACT\CorruptUnb.txt
		Files\EDIFACT\CorruptUnh.txt = Files\EDIFACT\CorruptUnh.txt
		Files\EDIFACT\DuplicateGroup.txt = Files\EDIFACT\DuplicateGroup.txt
		Files\EDIFACT\DuplicateInterchange.txt = Files\EDIFACT\DuplicateInterchange.txt
		Files\EDIFACT\DuplicateMessage.txt = Files\EDIFACT\DuplicateMessage.txt
		Files\EDIFACT\Invoice.txt = Files\EDIFACT\Invoice.txt
		Files\EDIFACT\MixedTransactions.txt = Files\EDIFACT\MixedTransactions.txt
		Files\EDIFACT\MixedTransactionsNoEnvelopes.txt = Files\EDIFACT\MixedTransactionsNoEnvelopes.txt
		Files\EDIFACT\PassengerData.txt = Files\EDIFACT\PassengerData.txt
		Files\EDIFACT\PassengerList.txt = Files\EDIFACT\PassengerList.txt
		Files\EDIFACT\PurchaseOrder.csv = Files\EDIFACT\PurchaseOrder.csv
		Files\EDIFACT\PurchaseOrder.txt = Files\EDIFACT\PurchaseOrder.txt
		Files\EDIFACT\PurchaseOrder.xml = Files\EDIFACT\PurchaseOrder.xml
		Files\EDIFACT\PurchaseOrder2.xml = Files\EDIFACT\PurchaseOrder2.xml
		Files\EDIFACT\PurchaseOrderCSV.txt = Files\EDIFACT\PurchaseOrderCSV.txt
		Files\EDIFACT\PurchaseOrderCustom1.txt = Files\EDIFACT\PurchaseOrderCustom1.txt
		Files\EDIFACT\PurchaseOrderCustom2.txt = Files\EDIFACT\PurchaseOrderCustom2.txt
		Files\EDIFACT\PurchaseOrderInvalid.txt = Files\EDIFACT\PurchaseOrderInvalid.txt
		Files\EDIFACT\PurchaseOrderMs.json = Files\EDIFACT\PurchaseOrderMs.json
		Files\EDIFACT\PurchaseOrderMultiLine.txt = Files\EDIFACT\PurchaseOrderMultiLine.txt
		Files\EDIFACT\PurchaseOrderNs.json = Files\EDIFACT\PurchaseOrderNs.json
		Files\EDIFACT\PurchaseOrders.txt = Files\EDIFACT\PurchaseOrders.txt
	EndProjectSection
EndProject
Project("{2150E333-8FDC-42A3-9474-1A3956D46DE8}") = "EANCOM Sample Files", "EANCOM Sample Files", "{5F36FEB1-EEF5-4EF5-9FE0-A3EDA7A46694}"
	ProjectSection(SolutionItems) = preProject
		Files\EANCOM\DespatchAdvice.txt = Files\EANCOM\DespatchAdvice.txt
		Files\EANCOM\Instruction.txt = Files\EANCOM\Instruction.txt
		Files\EANCOM\Invoice.txt = Files\EANCOM\Invoice.txt
		Files\EANCOM\PriceCatalogue.txt = Files\EANCOM\PriceCatalogue.txt
		Files\EANCOM\PurchaseOrderResponse.txt = Files\EANCOM\PurchaseOrderResponse.txt
		Files\EANCOM\TransportStatus.txt = Files\EANCOM\TransportStatus.txt
	EndProjectSection
EndProject
Project("{2150E333-8FDC-42A3-9474-1A3956D46DE8}") = "EANCOM Sample Templates", "EANCOM Sample Templates", "{450E0E52-4FBB-4BBC-ABE3-2153520A024B}"
EndProject
Project("{2150E333-8FDC-42A3-9474-1A3956D46DE8}") = "EDIFACT Sample Templates", "EDIFACT Sample Templates", "{587E65C0-BB46-414E-BACA-4B626F035D4E}"
EndProject
Project("{FAE04EC0-301F-11D3-BF4B-00C04F79EFBC}") = "EdiFabric.Examples.EDIFACT.Templates.D96A", "EdiFabric.Examples.EDIFACT.Templates.D96A\EdiFabric.Examples.EDIFACT.Templates.D96A.csproj", "{F1000179-978C-4C35-A9B7-0EB4EA4A5066}"
EndProject
Project("{FAE04EC0-301F-11D3-BF4B-00C04F79EFBC}") = "EdiFabric.Examples.EDIFACT.Templates.D96A.NoValidation", "EdiFabric.Examples.EDIFACT.Templates.D96A.NoValidation\EdiFabric.Examples.EDIFACT.Templates.D96A.NoValidation.csproj", "{6D53452C-43D7-4C30-AD4D-21F035F64211}"
EndProject
Project("{FAE04EC0-301F-11D3-BF4B-00C04F79EFBC}") = "EdiFabric.Examples.EDIFACT.Templates.D96A.Common", "EdiFabric.Examples.EDIFACT.Templates.D96A.Common\EdiFabric.Examples.EDIFACT.Templates.D96A.Common.csproj", "{139008AF-7F7A-4395-BE3F-45F196873D1E}"
EndProject
Project("{FAE04EC0-301F-11D3-BF4B-00C04F79EFBC}") = "EdiFabric.Examples.EDIFACT.Templates.D96A.EntityFramework", "EdiFabric.Examples.EDIFACT.Templates.D96A.EntityFramework\EdiFabric.Examples.EDIFACT.Templates.D96A.EntityFramework.csproj", "{580C4B74-F097-421D-9573-C42AA43ED593}"
EndProject
Project("{FAE04EC0-301F-11D3-BF4B-00C04F79EFBC}") = "EdiFabric.Examples.EDIFACT.Templates.D96A.PartnerA", "EdiFabric.Examples.EDIFACT.Templates.D96A.PartnerA\EdiFabric.Examples.EDIFACT.Templates.D96A.PartnerA.csproj", "{18A1D9A3-D240-404E-BD04-5060E83FA255}"
EndProject
Project("{FAE04EC0-301F-11D3-BF4B-00C04F79EFBC}") = "EdiFabric.Examples.EDIFACT.Templates.D96A.PartnerB", "EdiFabric.Examples.EDIFACT.Templates.D96A.PartnerB\EdiFabric.Examples.EDIFACT.Templates.D96A.PartnerB.csproj", "{1F37B980-26A0-4E57-AD5C-B5401B2606B0}"
EndProject
Project("{FAE04EC0-301F-11D3-BF4B-00C04F79EFBC}") = "EdiFabric.Examples.EDIFACT.Templates.D96A.PartnerC", "EdiFabric.Examples.EDIFACT.Templates.D96A.PartnerC\EdiFabric.Examples.EDIFACT.Templates.D96A.PartnerC.csproj", "{4FB492F9-7AAD-4600-AE44-21323FB5E630}"
EndProject
Project("{FAE04EC0-301F-11D3-BF4B-00C04F79EFBC}") = "EdiFabric.Examples.EDIFACT.Templates.D01B.Syntax3", "EdiFabric.Examples.EDIFACT.Templates.D01B.Syntax3\EdiFabric.Examples.EDIFACT.Templates.D01B.Syntax3.csproj", "{0AE1C0E5-A39C-4D87-AB93-073D878553D0}"
EndProject
Project("{FAE04EC0-301F-11D3-BF4B-00C04F79EFBC}") = "EdiFabric.Examples.EDIFACT.Templates.D13B.SMDG", "EdiFabric.Examples.EDIFACT.Templates.D13B.SMDG\EdiFabric.Examples.EDIFACT.Templates.D13B.SMDG.csproj", "{05276CD8-263B-4703-A17B-7C7ACFE09D3A}"
EndProject
Project("{FAE04EC0-301F-11D3-BF4B-00C04F79EFBC}") = "EdiFabric.Examples.EDIFACT.Templates.D03B.USCustoms", "EdiFabric.Examples.EDIFACT.Templates.D03B.USCustoms\EdiFabric.Examples.EDIFACT.Templates.D03B.USCustoms.csproj", "{85ED80CF-4619-4225-BA7E-53BE5F39289D}"
EndProject
Project("{2150E333-8FDC-42A3-9474-1A3956D46DE8}") = "EANCOM Sample Transactions", "EANCOM Sample Transactions", "{F67A78BD-B110-405C-951D-79CBBA9828A3}"
EndProject
Project("{2150E333-8FDC-42A3-9474-1A3956D46DE8}") = "EDIFACT Sample Transactions", "EDIFACT Sample Transactions", "{35C24290-E6F5-431D-A746-53031472E425}"
EndProject
Project("{FAE04EC0-301F-11D3-BF4B-00C04F79EFBC}") = "EdiFabric.Examples.EDIFACT.INVOIC.Syntax3", "EdiFabric.Examples.EDIFACT.INVOIC.Syntax3\EdiFabric.Examples.EDIFACT.INVOIC.Syntax3.csproj", "{FE2F9AB3-D00A-4F60-A77C-C679D3BDD3AB}"
EndProject
Project("{FAE04EC0-301F-11D3-BF4B-00C04F79EFBC}") = "EdiFabric.Examples.EDIFACT.Common", "EdiFabric.Examples.EDIFACT.Common\EdiFabric.Examples.EDIFACT.Common.csproj", "{9F794065-1E15-4341-A1C9-4E1FFD856C28}"
EndProject
Project("{FAE04EC0-301F-11D3-BF4B-00C04F79EFBC}") = "EdiFabric.Examples.EDIFACT.INVOIC", "EdiFabric.Examples.EDIFACT.INVOIC\EdiFabric.Examples.EDIFACT.INVOIC.csproj", "{D0A2FAC4-8067-479B-B67A-66055907593B}"
EndProject
Project("{FAE04EC0-301F-11D3-BF4B-00C04F79EFBC}") = "EdiFabric.Examples.EDIFACT.BAPLIE", "EdiFabric.Examples.EDIFACT.BAPLIE\EdiFabric.Examples.EDIFACT.BAPLIE.csproj", "{AE5DB45E-C17C-4A9D-AC96-5A771848ED72}"
EndProject
Project("{FAE04EC0-301F-11D3-BF4B-00C04F79EFBC}") = "EdiFabric.Examples.EDIFACT.CUSCAR", "EdiFabric.Examples.EDIFACT.CUSCAR\EdiFabric.Examples.EDIFACT.CUSCAR.csproj", "{DCA3C23A-BC0D-45F6-BA2C-0E96B0822F93}"
EndProject
Project("{FAE04EC0-301F-11D3-BF4B-00C04F79EFBC}") = "EdiFabric.Examples.EDIFACT.DESADV", "EdiFabric.Examples.EDIFACT.DESADV\EdiFabric.Examples.EDIFACT.DESADV.csproj", "{B8056AC8-286B-4D54-A3D1-FE21BAA71F3C}"
EndProject
Project("{FAE04EC0-301F-11D3-BF4B-00C04F79EFBC}") = "EdiFabric.Examples.EDIFACT.IFTMIN", "EdiFabric.Examples.EDIFACT.IFTMIN\EdiFabric.Examples.EDIFACT.IFTMIN.csproj", "{58FC743B-CD0B-4E97-ABB9-3DB5B0C4F092}"
EndProject
Project("{FAE04EC0-301F-11D3-BF4B-00C04F79EFBC}") = "EdiFabric.Examples.EDIFACT.IFTSTA", "EdiFabric.Examples.EDIFACT.IFTSTA\EdiFabric.Examples.EDIFACT.IFTSTA.csproj", "{35F656D1-2C69-402E-BFE4-1AA9CCA4CC00}"
EndProject
Project("{FAE04EC0-301F-11D3-BF4B-00C04F79EFBC}") = "EdiFabric.Examples.EDIFACT.ORDERS", "EdiFabric.Examples.EDIFACT.ORDERS\EdiFabric.Examples.EDIFACT.ORDERS.csproj", "{4368CC87-D356-4C0D-9AC7-885B1CFC17F6}"
EndProject
Project("{FAE04EC0-301F-11D3-BF4B-00C04F79EFBC}") = "EdiFabric.Examples.EDIFACT.ORDRSP", "EdiFabric.Examples.EDIFACT.ORDRSP\EdiFabric.Examples.EDIFACT.ORDRSP.csproj", "{C1ED428F-8BE4-47E7-9056-56CADC8D7A1F}"
EndProject
Project("{FAE04EC0-301F-11D3-BF4B-00C04F79EFBC}") = "EdiFabric.Examples.EDIFACT.PAXLST", "EdiFabric.Examples.EDIFACT.PAXLST\EdiFabric.Examples.EDIFACT.PAXLST.csproj", "{59DFCEB2-D65D-4225-9E06-2A0BE43536AB}"
EndProject
Project("{FAE04EC0-301F-11D3-BF4B-00C04F79EFBC}") = "EdiFabric.Examples.EDIFACT.PNRGOV", "EdiFabric.Examples.EDIFACT.PNRGOV\EdiFabric.Examples.EDIFACT.PNRGOV.csproj", "{85CC112E-764E-40CC-8798-5F0E8CD01953}"
EndProject
Project("{FAE04EC0-301F-11D3-BF4B-00C04F79EFBC}") = "EdiFabric.Examples.EDIFACT.PRICAT", "EdiFabric.Examples.EDIFACT.PRICAT\EdiFabric.Examples.EDIFACT.PRICAT.csproj", "{8D81AD85-78E6-4DB7-9E93-30A8F9D842E2}"
EndProject
Project("{FAE04EC0-301F-11D3-BF4B-00C04F79EFBC}") = "EdiFabric.Examples.EDIFACT.Templates.PNRGOV", "EdiFabric.Examples.EDIFACT.Templates.PNRGOV\EdiFabric.Examples.EDIFACT.Templates.PNRGOV.csproj", "{8FE60FFD-6678-4E1D-9804-FFA12E87E705}"
EndProject
Project("{FAE04EC0-301F-11D3-BF4B-00C04F79EFBC}") = "EdiFabric.Examples.EDIFACT.AcknowledgeEDI", "EdiFabric.Examples.EDIFACT.AcknowledgeEDI\EdiFabric.Examples.EDIFACT.AcknowledgeEDI.csproj", "{6F2E30DF-6FFD-4166-8DD9-8E3F0F9BF7B8}"
EndProject
Project("{FAE04EC0-301F-11D3-BF4B-00C04F79EFBC}") = "EdiFabric.Examples.EDIFACT.CSV", "EdiFabric.Examples.EDIFACT.CSV\EdiFabric.Examples.EDIFACT.CSV.csproj", "{E0AE5834-29F6-4336-B1D7-984B56BA0288}"
EndProject
Project("{FAE04EC0-301F-11D3-BF4B-00C04F79EFBC}") = "EdiFabric.Examples.EDIFACT.DB", "EdiFabric.Examples.EDIFACT.DB\EdiFabric.Examples.EDIFACT.DB.csproj", "{C997423D-1143-4950-BBDE-60430118852B}"
EndProject
Project("{FAE04EC0-301F-11D3-BF4B-00C04F79EFBC}") = "EdiFabric.Examples.EDIFACT.JSON", "EdiFabric.Examples.EDIFACT.JSON\EdiFabric.Examples.EDIFACT.JSON.csproj", "{E2A16905-7D63-4B6C-9A38-EB17B78CEA7C}"
EndProject
Project("{FAE04EC0-301F-11D3-BF4B-00C04F79EFBC}") = "EdiFabric.Examples.EDIFACT.MapEDI", "EdiFabric.Examples.EDIFACT.MapEDI\EdiFabric.Examples.EDIFACT.MapEDI.csproj", "{ECC5AA65-1B49-4288-A54C-F43662FA8356}"
EndProject
Project("{FAE04EC0-301F-11D3-BF4B-00C04F79EFBC}") = "EdiFabric.Examples.EDIFACT.ReadEDI", "EdiFabric.Examples.EDIFACT.ReadEDI\EdiFabric.Examples.EDIFACT.ReadEDI.csproj", "{88990A3D-A9FB-49EE-A05A-609EA4BBA6A8}"
EndProject
Project("{FAE04EC0-301F-11D3-BF4B-00C04F79EFBC}") = "EdiFabric.Examples.EDIFACT.WriteEDI", "EdiFabric.Examples.EDIFACT.WriteEDI\EdiFabric.Examples.EDIFACT.WriteEDI.csproj", "{7212E816-784A-4DE8-B605-9196991153A7}"
EndProject
Project("{FAE04EC0-301F-11D3-BF4B-00C04F79EFBC}") = "EdiFabric.Examples.EDIFACT.ValidateEDI", "EdiFabric.Examples.EDIFACT.ValidateEDI\EdiFabric.Examples.EDIFACT.ValidateEDI.csproj", "{0BBCC313-888D-4F2E-8246-A1A1E99B86CD}"
EndProject
Project("{FAE04EC0-301F-11D3-BF4B-00C04F79EFBC}") = "EdiFabric.Examples.EDIFACT.XML", "EdiFabric.Examples.EDIFACT.XML\EdiFabric.Examples.EDIFACT.XML.csproj", "{172C302D-3612-4385-985A-B088F855589B}"
EndProject
Global
	GlobalSection(SolutionConfigurationPlatforms) = preSolution
		Debug|Any CPU = Debug|Any CPU
		Release|Any CPU = Release|Any CPU
	EndGlobalSection
	GlobalSection(ProjectConfigurationPlatforms) = postSolution
		{F1000179-978C-4C35-A9B7-0EB4EA4A5066}.Debug|Any CPU.ActiveCfg = Debug|Any CPU
		{F1000179-978C-4C35-A9B7-0EB4EA4A5066}.Debug|Any CPU.Build.0 = Debug|Any CPU
		{F1000179-978C-4C35-A9B7-0EB4EA4A5066}.Release|Any CPU.ActiveCfg = Release|Any CPU
		{F1000179-978C-4C35-A9B7-0EB4EA4A5066}.Release|Any CPU.Build.0 = Release|Any CPU
		{6D53452C-43D7-4C30-AD4D-21F035F64211}.Debug|Any CPU.ActiveCfg = Debug|Any CPU
		{6D53452C-43D7-4C30-AD4D-21F035F64211}.Debug|Any CPU.Build.0 = Debug|Any CPU
		{6D53452C-43D7-4C30-AD4D-21F035F64211}.Release|Any CPU.ActiveCfg = Release|Any CPU
		{6D53452C-43D7-4C30-AD4D-21F035F64211}.Release|Any CPU.Build.0 = Release|Any CPU
		{139008AF-7F7A-4395-BE3F-45F196873D1E}.Debug|Any CPU.ActiveCfg = Debug|Any CPU
		{139008AF-7F7A-4395-BE3F-45F196873D1E}.Debug|Any CPU.Build.0 = Debug|Any CPU
		{139008AF-7F7A-4395-BE3F-45F196873D1E}.Release|Any CPU.ActiveCfg = Release|Any CPU
		{139008AF-7F7A-4395-BE3F-45F196873D1E}.Release|Any CPU.Build.0 = Release|Any CPU
		{580C4B74-F097-421D-9573-C42AA43ED593}.Debug|Any CPU.ActiveCfg = Debug|Any CPU
		{580C4B74-F097-421D-9573-C42AA43ED593}.Debug|Any CPU.Build.0 = Debug|Any CPU
		{580C4B74-F097-421D-9573-C42AA43ED593}.Release|Any CPU.ActiveCfg = Release|Any CPU
		{580C4B74-F097-421D-9573-C42AA43ED593}.Release|Any CPU.Build.0 = Release|Any CPU
		{18A1D9A3-D240-404E-BD04-5060E83FA255}.Debug|Any CPU.ActiveCfg = Debug|Any CPU
		{18A1D9A3-D240-404E-BD04-5060E83FA255}.Debug|Any CPU.Build.0 = Debug|Any CPU
		{18A1D9A3-D240-404E-BD04-5060E83FA255}.Release|Any CPU.ActiveCfg = Release|Any CPU
		{18A1D9A3-D240-404E-BD04-5060E83FA255}.Release|Any CPU.Build.0 = Release|Any CPU
		{1F37B980-26A0-4E57-AD5C-B5401B2606B0}.Debug|Any CPU.ActiveCfg = Debug|Any CPU
		{1F37B980-26A0-4E57-AD5C-B5401B2606B0}.Debug|Any CPU.Build.0 = Debug|Any CPU
		{1F37B980-26A0-4E57-AD5C-B5401B2606B0}.Release|Any CPU.ActiveCfg = Release|Any CPU
		{1F37B980-26A0-4E57-AD5C-B5401B2606B0}.Release|Any CPU.Build.0 = Release|Any CPU
		{4FB492F9-7AAD-4600-AE44-21323FB5E630}.Debug|Any CPU.ActiveCfg = Debug|Any CPU
		{4FB492F9-7AAD-4600-AE44-21323FB5E630}.Debug|Any CPU.Build.0 = Debug|Any CPU
		{4FB492F9-7AAD-4600-AE44-21323FB5E630}.Release|Any CPU.ActiveCfg = Release|Any CPU
		{4FB492F9-7AAD-4600-AE44-21323FB5E630}.Release|Any CPU.Build.0 = Release|Any CPU
		{0AE1C0E5-A39C-4D87-AB93-073D878553D0}.Debug|Any CPU.ActiveCfg = Debug|Any CPU
		{0AE1C0E5-A39C-4D87-AB93-073D878553D0}.Debug|Any CPU.Build.0 = Debug|Any CPU
		{0AE1C0E5-A39C-4D87-AB93-073D878553D0}.Release|Any CPU.ActiveCfg = Release|Any CPU
		{0AE1C0E5-A39C-4D87-AB93-073D878553D0}.Release|Any CPU.Build.0 = Release|Any CPU
		{05276CD8-263B-4703-A17B-7C7ACFE09D3A}.Debug|Any CPU.ActiveCfg = Debug|Any CPU
		{05276CD8-263B-4703-A17B-7C7ACFE09D3A}.Debug|Any CPU.Build.0 = Debug|Any CPU
		{05276CD8-263B-4703-A17B-7C7ACFE09D3A}.Release|Any CPU.ActiveCfg = Release|Any CPU
		{05276CD8-263B-4703-A17B-7C7ACFE09D3A}.Release|Any CPU.Build.0 = Release|Any CPU
		{85ED80CF-4619-4225-BA7E-53BE5F39289D}.Debug|Any CPU.ActiveCfg = Debug|Any CPU
		{85ED80CF-4619-4225-BA7E-53BE5F39289D}.Debug|Any CPU.Build.0 = Debug|Any CPU
		{85ED80CF-4619-4225-BA7E-53BE5F39289D}.Release|Any CPU.ActiveCfg = Release|Any CPU
		{85ED80CF-4619-4225-BA7E-53BE5F39289D}.Release|Any CPU.Build.0 = Release|Any CPU
		{FE2F9AB3-D00A-4F60-A77C-C679D3BDD3AB}.Debug|Any CPU.ActiveCfg = Debug|Any CPU
		{FE2F9AB3-D00A-4F60-A77C-C679D3BDD3AB}.Debug|Any CPU.Build.0 = Debug|Any CPU
		{FE2F9AB3-D00A-4F60-A77C-C679D3BDD3AB}.Release|Any CPU.ActiveCfg = Release|Any CPU
		{FE2F9AB3-D00A-4F60-A77C-C679D3BDD3AB}.Release|Any CPU.Build.0 = Release|Any CPU
		{9F794065-1E15-4341-A1C9-4E1FFD856C28}.Debug|Any CPU.ActiveCfg = Debug|Any CPU
		{9F794065-1E15-4341-A1C9-4E1FFD856C28}.Debug|Any CPU.Build.0 = Debug|Any CPU
		{9F794065-1E15-4341-A1C9-4E1FFD856C28}.Release|Any CPU.ActiveCfg = Release|Any CPU
		{9F794065-1E15-4341-A1C9-4E1FFD856C28}.Release|Any CPU.Build.0 = Release|Any CPU
		{D0A2FAC4-8067-479B-B67A-66055907593B}.Debug|Any CPU.ActiveCfg = Debug|Any CPU
		{D0A2FAC4-8067-479B-B67A-66055907593B}.Debug|Any CPU.Build.0 = Debug|Any CPU
		{D0A2FAC4-8067-479B-B67A-66055907593B}.Release|Any CPU.ActiveCfg = Release|Any CPU
		{D0A2FAC4-8067-479B-B67A-66055907593B}.Release|Any CPU.Build.0 = Release|Any CPU
		{AE5DB45E-C17C-4A9D-AC96-5A771848ED72}.Debug|Any CPU.ActiveCfg = Debug|Any CPU
		{AE5DB45E-C17C-4A9D-AC96-5A771848ED72}.Debug|Any CPU.Build.0 = Debug|Any CPU
		{AE5DB45E-C17C-4A9D-AC96-5A771848ED72}.Release|Any CPU.ActiveCfg = Release|Any CPU
		{AE5DB45E-C17C-4A9D-AC96-5A771848ED72}.Release|Any CPU.Build.0 = Release|Any CPU
		{DCA3C23A-BC0D-45F6-BA2C-0E96B0822F93}.Debug|Any CPU.ActiveCfg = Debug|Any CPU
		{DCA3C23A-BC0D-45F6-BA2C-0E96B0822F93}.Debug|Any CPU.Build.0 = Debug|Any CPU
		{DCA3C23A-BC0D-45F6-BA2C-0E96B0822F93}.Release|Any CPU.ActiveCfg = Release|Any CPU
		{DCA3C23A-BC0D-45F6-BA2C-0E96B0822F93}.Release|Any CPU.Build.0 = Release|Any CPU
		{B8056AC8-286B-4D54-A3D1-FE21BAA71F3C}.Debug|Any CPU.ActiveCfg = Debug|Any CPU
		{B8056AC8-286B-4D54-A3D1-FE21BAA71F3C}.Debug|Any CPU.Build.0 = Debug|Any CPU
		{B8056AC8-286B-4D54-A3D1-FE21BAA71F3C}.Release|Any CPU.ActiveCfg = Release|Any CPU
		{B8056AC8-286B-4D54-A3D1-FE21BAA71F3C}.Release|Any CPU.Build.0 = Release|Any CPU
		{58FC743B-CD0B-4E97-ABB9-3DB5B0C4F092}.Debug|Any CPU.ActiveCfg = Debug|Any CPU
		{58FC743B-CD0B-4E97-ABB9-3DB5B0C4F092}.Debug|Any CPU.Build.0 = Debug|Any CPU
		{58FC743B-CD0B-4E97-ABB9-3DB5B0C4F092}.Release|Any CPU.ActiveCfg = Release|Any CPU
		{58FC743B-CD0B-4E97-ABB9-3DB5B0C4F092}.Release|Any CPU.Build.0 = Release|Any CPU
		{35F656D1-2C69-402E-BFE4-1AA9CCA4CC00}.Debug|Any CPU.ActiveCfg = Debug|Any CPU
		{35F656D1-2C69-402E-BFE4-1AA9CCA4CC00}.Debug|Any CPU.Build.0 = Debug|Any CPU
		{35F656D1-2C69-402E-BFE4-1AA9CCA4CC00}.Release|Any CPU.ActiveCfg = Release|Any CPU
		{35F656D1-2C69-402E-BFE4-1AA9CCA4CC00}.Release|Any CPU.Build.0 = Release|Any CPU
		{4368CC87-D356-4C0D-9AC7-885B1CFC17F6}.Debug|Any CPU.ActiveCfg = Debug|Any CPU
		{4368CC87-D356-4C0D-9AC7-885B1CFC17F6}.Debug|Any CPU.Build.0 = Debug|Any CPU
		{4368CC87-D356-4C0D-9AC7-885B1CFC17F6}.Release|Any CPU.ActiveCfg = Release|Any CPU
		{4368CC87-D356-4C0D-9AC7-885B1CFC17F6}.Release|Any CPU.Build.0 = Release|Any CPU
		{C1ED428F-8BE4-47E7-9056-56CADC8D7A1F}.Debug|Any CPU.ActiveCfg = Debug|Any CPU
		{C1ED428F-8BE4-47E7-9056-56CADC8D7A1F}.Debug|Any CPU.Build.0 = Debug|Any CPU
		{C1ED428F-8BE4-47E7-9056-56CADC8D7A1F}.Release|Any CPU.ActiveCfg = Release|Any CPU
		{C1ED428F-8BE4-47E7-9056-56CADC8D7A1F}.Release|Any CPU.Build.0 = Release|Any CPU
		{59DFCEB2-D65D-4225-9E06-2A0BE43536AB}.Debug|Any CPU.ActiveCfg = Debug|Any CPU
		{59DFCEB2-D65D-4225-9E06-2A0BE43536AB}.Debug|Any CPU.Build.0 = Debug|Any CPU
		{59DFCEB2-D65D-4225-9E06-2A0BE43536AB}.Release|Any CPU.ActiveCfg = Release|Any CPU
		{59DFCEB2-D65D-4225-9E06-2A0BE43536AB}.Release|Any CPU.Build.0 = Release|Any CPU
		{85CC112E-764E-40CC-8798-5F0E8CD01953}.Debug|Any CPU.ActiveCfg = Debug|Any CPU
		{85CC112E-764E-40CC-8798-5F0E8CD01953}.Debug|Any CPU.Build.0 = Debug|Any CPU
		{85CC112E-764E-40CC-8798-5F0E8CD01953}.Release|Any CPU.ActiveCfg = Release|Any CPU
		{85CC112E-764E-40CC-8798-5F0E8CD01953}.Release|Any CPU.Build.0 = Release|Any CPU
		{8D81AD85-78E6-4DB7-9E93-30A8F9D842E2}.Debug|Any CPU.ActiveCfg = Debug|Any CPU
		{8D81AD85-78E6-4DB7-9E93-30A8F9D842E2}.Debug|Any CPU.Build.0 = Debug|Any CPU
		{8D81AD85-78E6-4DB7-9E93-30A8F9D842E2}.Release|Any CPU.ActiveCfg = Release|Any CPU
		{8D81AD85-78E6-4DB7-9E93-30A8F9D842E2}.Release|Any CPU.Build.0 = Release|Any CPU
		{8FE60FFD-6678-4E1D-9804-FFA12E87E705}.Debug|Any CPU.ActiveCfg = Debug|Any CPU
		{8FE60FFD-6678-4E1D-9804-FFA12E87E705}.Debug|Any CPU.Build.0 = Debug|Any CPU
		{8FE60FFD-6678-4E1D-9804-FFA12E87E705}.Release|Any CPU.ActiveCfg = Release|Any CPU
		{8FE60FFD-6678-4E1D-9804-FFA12E87E705}.Release|Any CPU.Build.0 = Release|Any CPU
		{6F2E30DF-6FFD-4166-8DD9-8E3F0F9BF7B8}.Debug|Any CPU.ActiveCfg = Debug|Any CPU
		{6F2E30DF-6FFD-4166-8DD9-8E3F0F9BF7B8}.Debug|Any CPU.Build.0 = Debug|Any CPU
		{6F2E30DF-6FFD-4166-8DD9-8E3F0F9BF7B8}.Release|Any CPU.ActiveCfg = Release|Any CPU
		{6F2E30DF-6FFD-4166-8DD9-8E3F0F9BF7B8}.Release|Any CPU.Build.0 = Release|Any CPU
		{E0AE5834-29F6-4336-B1D7-984B56BA0288}.Debug|Any CPU.ActiveCfg = Debug|Any CPU
		{E0AE5834-29F6-4336-B1D7-984B56BA0288}.Debug|Any CPU.Build.0 = Debug|Any CPU
		{E0AE5834-29F6-4336-B1D7-984B56BA0288}.Release|Any CPU.ActiveCfg = Release|Any CPU
		{E0AE5834-29F6-4336-B1D7-984B56BA0288}.Release|Any CPU.Build.0 = Release|Any CPU
		{C997423D-1143-4950-BBDE-60430118852B}.Debug|Any CPU.ActiveCfg = Debug|Any CPU
		{C997423D-1143-4950-BBDE-60430118852B}.Debug|Any CPU.Build.0 = Debug|Any CPU
		{C997423D-1143-4950-BBDE-60430118852B}.Release|Any CPU.ActiveCfg = Release|Any CPU
		{C997423D-1143-4950-BBDE-60430118852B}.Release|Any CPU.Build.0 = Release|Any CPU
		{E2A16905-7D63-4B6C-9A38-EB17B78CEA7C}.Debug|Any CPU.ActiveCfg = Debug|Any CPU
		{E2A16905-7D63-4B6C-9A38-EB17B78CEA7C}.Debug|Any CPU.Build.0 = Debug|Any CPU
		{E2A16905-7D63-4B6C-9A38-EB17B78CEA7C}.Release|Any CPU.ActiveCfg = Release|Any CPU
		{E2A16905-7D63-4B6C-9A38-EB17B78CEA7C}.Release|Any CPU.Build.0 = Release|Any CPU
		{ECC5AA65-1B49-4288-A54C-F43662FA8356}.Debug|Any CPU.ActiveCfg = Debug|Any CPU
		{ECC5AA65-1B49-4288-A54C-F43662FA8356}.Debug|Any CPU.Build.0 = Debug|Any CPU
		{ECC5AA65-1B49-4288-A54C-F43662FA8356}.Release|Any CPU.ActiveCfg = Release|Any CPU
		{ECC5AA65-1B49-4288-A54C-F43662FA8356}.Release|Any CPU.Build.0 = Release|Any CPU
		{88990A3D-A9FB-49EE-A05A-609EA4BBA6A8}.Debug|Any CPU.ActiveCfg = Debug|Any CPU
		{88990A3D-A9FB-49EE-A05A-609EA4BBA6A8}.Debug|Any CPU.Build.0 = Debug|Any CPU
		{88990A3D-A9FB-49EE-A05A-609EA4BBA6A8}.Release|Any CPU.ActiveCfg = Release|Any CPU
		{88990A3D-A9FB-49EE-A05A-609EA4BBA6A8}.Release|Any CPU.Build.0 = Release|Any CPU
		{7212E816-784A-4DE8-B605-9196991153A7}.Debug|Any CPU.ActiveCfg = Debug|Any CPU
		{7212E816-784A-4DE8-B605-9196991153A7}.Debug|Any CPU.Build.0 = Debug|Any CPU
		{7212E816-784A-4DE8-B605-9196991153A7}.Release|Any CPU.ActiveCfg = Release|Any CPU
		{7212E816-784A-4DE8-B605-9196991153A7}.Release|Any CPU.Build.0 = Release|Any CPU
		{0BBCC313-888D-4F2E-8246-A1A1E99B86CD}.Debug|Any CPU.ActiveCfg = Debug|Any CPU
		{0BBCC313-888D-4F2E-8246-A1A1E99B86CD}.Debug|Any CPU.Build.0 = Debug|Any CPU
		{0BBCC313-888D-4F2E-8246-A1A1E99B86CD}.Release|Any CPU.ActiveCfg = Release|Any CPU
		{0BBCC313-888D-4F2E-8246-A1A1E99B86CD}.Release|Any CPU.Build.0 = Release|Any CPU
		{172C302D-3612-4385-985A-B088F855589B}.Debug|Any CPU.ActiveCfg = Debug|Any CPU
		{172C302D-3612-4385-985A-B088F855589B}.Debug|Any CPU.Build.0 = Debug|Any CPU
		{172C302D-3612-4385-985A-B088F855589B}.Release|Any CPU.ActiveCfg = Release|Any CPU
		{172C302D-3612-4385-985A-B088F855589B}.Release|Any CPU.Build.0 = Release|Any CPU
	EndGlobalSection
	GlobalSection(SolutionProperties) = preSolution
		HideSolutionNode = FALSE
	EndGlobalSection
	GlobalSection(NestedProjects) = preSolution
		{F1000179-978C-4C35-A9B7-0EB4EA4A5066} = {587E65C0-BB46-414E-BACA-4B626F035D4E}
		{6D53452C-43D7-4C30-AD4D-21F035F64211} = {587E65C0-BB46-414E-BACA-4B626F035D4E}
		{139008AF-7F7A-4395-BE3F-45F196873D1E} = {587E65C0-BB46-414E-BACA-4B626F035D4E}
		{580C4B74-F097-421D-9573-C42AA43ED593} = {587E65C0-BB46-414E-BACA-4B626F035D4E}
		{18A1D9A3-D240-404E-BD04-5060E83FA255} = {587E65C0-BB46-414E-BACA-4B626F035D4E}
		{1F37B980-26A0-4E57-AD5C-B5401B2606B0} = {587E65C0-BB46-414E-BACA-4B626F035D4E}
		{4FB492F9-7AAD-4600-AE44-21323FB5E630} = {587E65C0-BB46-414E-BACA-4B626F035D4E}
		{0AE1C0E5-A39C-4D87-AB93-073D878553D0} = {450E0E52-4FBB-4BBC-ABE3-2153520A024B}
		{05276CD8-263B-4703-A17B-7C7ACFE09D3A} = {587E65C0-BB46-414E-BACA-4B626F035D4E}
		{85ED80CF-4619-4225-BA7E-53BE5F39289D} = {587E65C0-BB46-414E-BACA-4B626F035D4E}
		{FE2F9AB3-D00A-4F60-A77C-C679D3BDD3AB} = {F67A78BD-B110-405C-951D-79CBBA9828A3}
		{D0A2FAC4-8067-479B-B67A-66055907593B} = {35C24290-E6F5-431D-A746-53031472E425}
		{AE5DB45E-C17C-4A9D-AC96-5A771848ED72} = {35C24290-E6F5-431D-A746-53031472E425}
		{DCA3C23A-BC0D-45F6-BA2C-0E96B0822F93} = {35C24290-E6F5-431D-A746-53031472E425}
		{B8056AC8-286B-4D54-A3D1-FE21BAA71F3C} = {35C24290-E6F5-431D-A746-53031472E425}
		{58FC743B-CD0B-4E97-ABB9-3DB5B0C4F092} = {35C24290-E6F5-431D-A746-53031472E425}
		{35F656D1-2C69-402E-BFE4-1AA9CCA4CC00} = {35C24290-E6F5-431D-A746-53031472E425}
		{4368CC87-D356-4C0D-9AC7-885B1CFC17F6} = {35C24290-E6F5-431D-A746-53031472E425}
		{C1ED428F-8BE4-47E7-9056-56CADC8D7A1F} = {35C24290-E6F5-431D-A746-53031472E425}
		{59DFCEB2-D65D-4225-9E06-2A0BE43536AB} = {35C24290-E6F5-431D-A746-53031472E425}
		{85CC112E-764E-40CC-8798-5F0E8CD01953} = {35C24290-E6F5-431D-A746-53031472E425}
		{8D81AD85-78E6-4DB7-9E93-30A8F9D842E2} = {35C24290-E6F5-431D-A746-53031472E425}
		{8FE60FFD-6678-4E1D-9804-FFA12E87E705} = {587E65C0-BB46-414E-BACA-4B626F035D4E}
	EndGlobalSection
	GlobalSection(ExtensibilityGlobals) = postSolution
		SolutionGuid = {3DE60C67-C122-4BA2-BAB8-6E359DDE8AC8}
	EndGlobalSection
EndGlobal
